// !$*UTF8*$!
{
	archiveVersion = 1;
	classes = {
	};
	objectVersion = 56;
	objects = {

/* Begin PBXBuildFile section */
		0C30DD9A2DFF116F00F25D02 /* ai_passport_appApp.swift in Sources */ = {isa = PBXBuildFile; fileRef = 0C30DD992DFF116F00F25D02 /* ai_passport_appApp.swift */; };
		0C30DD9C2DFF116F00F25D02 /* ContentView.swift in Sources */ = {isa = PBXBuildFile; fileRef = 0C30DD9B2DFF116F00F25D02 /* ContentView.swift */; };
		0C30DD9E2DFF117200F25D02 /* Assets.xcassets in Resources */ = {isa = PBXBuildFile; fileRef = 0C30DD9D2DFF117200F25D02 /* Assets.xcassets */; };
		0C30DDA12DFF117200F25D02 /* Preview Assets.xcassets in Resources */ = {isa = PBXBuildFile; fileRef = 0C30DDA02DFF117200F25D02 /* Preview Assets.xcassets */; };
		0C30DDA62DFF117200F25D02 /* ai_passport_app.xcdatamodeld in Sources */ = {isa = PBXBuildFile; fileRef = 0C30DDA42DFF117200F25D02 /* ai_passport_app.xcdatamodeld */; };
		0C30DDB02DFF117200F25D02 /* ai_passport_appTests.swift in Sources */ = {isa = PBXBuildFile; fileRef = 0C30DDAF2DFF117200F25D02 /* ai_passport_appTests.swift */; };
		0C30DDBA2DFF117300F25D02 /* ai_passport_appUITests.swift in Sources */ = {isa = PBXBuildFile; fileRef = 0C30DDB92DFF117300F25D02 /* ai_passport_appUITests.swift */; };
		0C30DDBC2DFF117300F25D02 /* ai_passport_appUITestsLaunchTests.swift in Sources */ = {isa = PBXBuildFile; fileRef = 0C30DDBB2DFF117300F25D02 /* ai_passport_appUITestsLaunchTests.swift */; };
		0C30DDD52DFF16FE00F25D02 /* AppFrameView.swift in Sources */ = {isa = PBXBuildFile; fileRef = 0C30DDD42DFF16FE00F25D02 /* AppFrameView.swift */; };
		0C30DDD72DFF183F00F25D02 /* NavigationRouter.swift in Sources */ = {isa = PBXBuildFile; fileRef = 0C30DDD62DFF183F00F25D02 /* NavigationRouter.swift */; };
		0C30DDD92DFF185400F25D02 /* MainRouterView.swift in Sources */ = {isa = PBXBuildFile; fileRef = 0C30DDD82DFF185400F25D02 /* MainRouterView.swift */; };
		0C30DDDB2DFF1A7F00F25D02 /* UnitListView.swift in Sources */ = {isa = PBXBuildFile; fileRef = 0C30DDDA2DFF1A7F00F25D02 /* UnitListView.swift */; };
		0C30DDDD2DFF1A8B00F25D02 /* ChapterListView.swift in Sources */ = {isa = PBXBuildFile; fileRef = 0C30DDDC2DFF1A8B00F25D02 /* ChapterListView.swift */; };
		0C30DDDF2DFF1A9600F25D02 /* QuestionView.swift in Sources */ = {isa = PBXBuildFile; fileRef = 0C30DDDE2DFF1A9600F25D02 /* QuestionView.swift */; };
		0C30DDE12DFF1AA000F25D02 /* ExplanationView.swift in Sources */ = {isa = PBXBuildFile; fileRef = 0C30DDE02DFF1AA000F25D02 /* ExplanationView.swift */; };
		0C30DDE32DFF1AAA00F25D02 /* ResultView.swift in Sources */ = {isa = PBXBuildFile; fileRef = 0C30DDE22DFF1AAA00F25D02 /* ResultView.swift */; };
		0C30DDE52DFF1AB400F25D02 /* HeaderView.swift in Sources */ = {isa = PBXBuildFile; fileRef = 0C30DDE42DFF1AB400F25D02 /* HeaderView.swift */; };
		0C30DDE72DFF1AC000F25D02 /* AnswerAreaView.swift in Sources */ = {isa = PBXBuildFile; fileRef = 0C30DDE62DFF1AC000F25D02 /* AnswerAreaView.swift */; };
		0C30DDE92DFF1AC900F25D02 /* BottomTabBarView.swift in Sources */ = {isa = PBXBuildFile; fileRef = 0C30DDE82DFF1AC900F25D02 /* BottomTabBarView.swift */; };
		0C30DDEB2DFF1B7A00F25D02 /* UnitListViewModel.swift in Sources */ = {isa = PBXBuildFile; fileRef = 0C30DDEA2DFF1B7A00F25D02 /* UnitListViewModel.swift */; };
		0C30DDED2DFF1B8400F25D02 /* ChapterListViewModel.swift in Sources */ = {isa = PBXBuildFile; fileRef = 0C30DDEC2DFF1B8400F25D02 /* ChapterListViewModel.swift */; };
		0C30DDEF2DFF1B8E00F25D02 /* QuizViewModel.swift in Sources */ = {isa = PBXBuildFile; fileRef = 0C30DDEE2DFF1B8E00F25D02 /* QuizViewModel.swift */; };
		0C30DDF12DFF1C1D00F25D02 /* NetworkManager.swift in Sources */ = {isa = PBXBuildFile; fileRef = 0C30DDF02DFF1C1D00F25D02 /* NetworkManager.swift */; };
		0C30DDF52DFF1C7100F25D02 /* AnswerHistoryRepository.swift in Sources */ = {isa = PBXBuildFile; fileRef = 0C30DDF42DFF1C7100F25D02 /* AnswerHistoryRepository.swift */; };
		0C30DDF72DFF1CD800F25D02 /* Quiz.swift in Sources */ = {isa = PBXBuildFile; fileRef = 0C30DDF62DFF1CD800F25D02 /* Quiz.swift */; };
		0C30DDF92DFF1CE300F25D02 /* QuizMetadata.swift in Sources */ = {isa = PBXBuildFile; fileRef = 0C30DDF82DFF1CE300F25D02 /* QuizMetadata.swift */; };
		0C30DDFB2DFF1CEF00F25D02 /* ChapterMetadata.swift in Sources */ = {isa = PBXBuildFile; fileRef = 0C30DDFA2DFF1CEF00F25D02 /* ChapterMetadata.swift */; };
		0C30DDFD2DFF1CFB00F25D02 /* SelectedAnswer.swift in Sources */ = {isa = PBXBuildFile; fileRef = 0C30DDFC2DFF1CFB00F25D02 /* SelectedAnswer.swift */; };
		0C30DDFF2DFF1E9A00F25D02 /* PersistenceController.swift in Sources */ = {isa = PBXBuildFile; fileRef = 0C30DDFE2DFF1E9A00F25D02 /* PersistenceController.swift */; };
		0C31AD7B2EA2184A007500F7 /* MainViewState.swift in Sources */ = {isa = PBXBuildFile; fileRef = 0C31AD7A2EA2184A007500F7 /* MainViewState.swift */; };
		0C31AD7E2EA21882007500F7 /* Color+Theme.swift in Sources */ = {isa = PBXBuildFile; fileRef = 0C31AD7C2EA21882007500F7 /* Color+Theme.swift */; };
		0C31AD7F2EA21882007500F7 /* HomeView.swift in Sources */ = {isa = PBXBuildFile; fileRef = 0C31AD7D2EA21882007500F7 /* HomeView.swift */; };
		0C31AD812EA21897007500F7 /* HomeViewModel.swift in Sources */ = {isa = PBXBuildFile; fileRef = 0C31AD802EA21897007500F7 /* HomeViewModel.swift */; };
		0C31AD832EA51B97007500F7 /* LegacyAnswerHistoryMigrator.swift in Sources */ = {isa = PBXBuildFile; fileRef = 0C31AD822EA51B97007500F7 /* LegacyAnswerHistoryMigrator.swift */; };
		0C395F952EBF9608007AF119 /* IncorrectAnswerChapterViewModel.swift in Sources */ = {isa = PBXBuildFile; fileRef = 0C395F942EBF9606007AF119 /* IncorrectAnswerChapterViewModel.swift */; };
		0C395F972EBF9628007AF119 /* IncorrectAnswerChapterView.swift in Sources */ = {isa = PBXBuildFile; fileRef = 0C395F962EBF9626007AF119 /* IncorrectAnswerChapterView.swift */; };
		0C395F992EBF963F007AF119 /* IncorrectAnswerPlayView.swift in Sources */ = {isa = PBXBuildFile; fileRef = 0C395F982EBF963E007AF119 /* IncorrectAnswerPlayView.swift */; };
		0C395F9B2EBF9681007AF119 /* IncorrectAnswerQuestionListView.swift in Sources */ = {isa = PBXBuildFile; fileRef = 0C395F9A2EBF9665007AF119 /* IncorrectAnswerQuestionListView.swift */; };
		0C395F9D2EBF9693007AF119 /* IncorrectAnswerView.swift in Sources */ = {isa = PBXBuildFile; fileRef = 0C395F9C2EBF9692007AF119 /* IncorrectAnswerView.swift */; };
		0C395FA12EBF9B28007AF119 /* IncorrectAnswerPlayViewModel.swift in Sources */ = {isa = PBXBuildFile; fileRef = 0C395FA02EBF9B27007AF119 /* IncorrectAnswerPlayViewModel.swift */; };
		0C395FA32EBF9FAB007AF119 /* BookmarkPlayViewModel.swift in Sources */ = {isa = PBXBuildFile; fileRef = 0C395FA22EBF9FA9007AF119 /* BookmarkPlayViewModel.swift */; };
		0C395FA52EBF9FC8007AF119 /* BookmarkChapterView.swift in Sources */ = {isa = PBXBuildFile; fileRef = 0C395FA42EBF9FC6007AF119 /* BookmarkChapterView.swift */; };
		0C395FA82EBFA010007AF119 /* BookmarkUnitView.swift in Sources */ = {isa = PBXBuildFile; fileRef = 0C395FA72EBFA00E007AF119 /* BookmarkUnitView.swift */; };
		0C87869E2EA6725F0052D2A8 /* QuestionProgressObject.swift in Sources */ = {isa = PBXBuildFile; fileRef = 0C87869D2EA6725F0052D2A8 /* QuestionProgressObject.swift */; };
		0C8786A12EA672D90052D2A8 /* RealmAnswerHistoryRepository.swift in Sources */ = {isa = PBXBuildFile; fileRef = 0C8786A02EA672D90052D2A8 /* RealmAnswerHistoryRepository.swift */; };
		0CC249AB2EBA3F3D0054EE3F /* ReviewUnitListViewModel.swift in Sources */ = {isa = PBXBuildFile; fileRef = 0CC249AA2EBA3F3B0054EE3F /* ReviewUnitListViewModel.swift */; };
		0CC249AD2EBA3F5F0054EE3F /* ReviewQuestionListView.swift in Sources */ = {isa = PBXBuildFile; fileRef = 0CC249AC2EBA3F5D0054EE3F /* ReviewQuestionListView.swift */; };
		0CC249B02EBB89AB0054EE3F /* CorrectAnswerChapterViewModel.swift in Sources */ = {isa = PBXBuildFile; fileRef = 0CC249AF2EBB89A90054EE3F /* CorrectAnswerChapterViewModel.swift */; };
		0CC249B22EBB89C10054EE3F /* CorrectAnswerChapterView.swift in Sources */ = {isa = PBXBuildFile; fileRef = 0CC249B12EBB89C10054EE3F /* CorrectAnswerChapterView.swift */; };
		0CC249B42EBB89DF0054EE3F /* CorrectAnswerQuestionListView.swift in Sources */ = {isa = PBXBuildFile; fileRef = 0CC249B32EBB89DD0054EE3F /* CorrectAnswerQuestionListView.swift */; };
		0CC249B62EBB99480054EE3F /* CorrectAnswerPlayViewModel.swift in Sources */ = {isa = PBXBuildFile; fileRef = 0CC249B52EBB99470054EE3F /* CorrectAnswerPlayViewModel.swift */; };
		0CC249B82EBB99A90054EE3F /* CorrectAnswerPlayView.swift in Sources */ = {isa = PBXBuildFile; fileRef = 0CC249B72EBB99A90054EE3F /* CorrectAnswerPlayView.swift */; };
		0CC249BA2EBB9B9B0054EE3F /* ChapterCardView.swift in Sources */ = {isa = PBXBuildFile; fileRef = 0CC249B92EBB9B9A0054EE3F /* ChapterCardView.swift */; };
		0CCB45A02E89853900C41D03 /* Constants.swift in Sources */ = {isa = PBXBuildFile; fileRef = 0CCB459F2E89853900C41D03 /* Constants.swift */; };
		0CCB45A22E8994E800C41D03 /* QuizList.swift in Sources */ = {isa = PBXBuildFile; fileRef = 0CCB45A12E8994E800C41D03 /* QuizList.swift */; };
		0CCB45A42E89951900C41D03 /* CapterList.swift in Sources */ = {isa = PBXBuildFile; fileRef = 0CCB45A32E89951900C41D03 /* CapterList.swift */; };
		0CE6D5992EAE0C1900D38241 /* ProgressManager.swift in Sources */ = {isa = PBXBuildFile; fileRef = 0CE6D5982EAE0C0F00D38241 /* ProgressManager.swift */; };
		0CE6D59B2EAE867B00D38241 /* ContentStateView.swift in Sources */ = {isa = PBXBuildFile; fileRef = 0CE6D59A2EAE866D00D38241 /* ContentStateView.swift */; };
		0CE6D59D2EAE9C5500D38241 /* ExplanationRoute.swift in Sources */ = {isa = PBXBuildFile; fileRef = 0CE6D59C2EAE9C5400D38241 /* ExplanationRoute.swift */; };
		0CE6D59F2EAF618E00D38241 /* QuizQuestionCatalog.swift in Sources */ = {isa = PBXBuildFile; fileRef = 0CE6D59E2EAF613300D38241 /* QuizQuestionCatalog.swift */; };
		0CE6D5A12EAF675E00D38241 /* AppSettings.swift in Sources */ = {isa = PBXBuildFile; fileRef = 0CE6D5A02EAF675C00D38241 /* AppSettings.swift */; };
		0CE6D5A32EAF67D100D38241 /* AccountView.swift in Sources */ = {isa = PBXBuildFile; fileRef = 0CE6D5A22EAF67CF00D38241 /* AccountView.swift */; };
		0CE6D5A52EAF682B00D38241 /* SettingsViews.swift in Sources */ = {isa = PBXBuildFile; fileRef = 0CE6D5A42EAF682100D38241 /* SettingsViews.swift */; };
		0CE6D5A72EAF709F00D38241 /* TermsPrivacyViews.swift in Sources */ = {isa = PBXBuildFile; fileRef = 0CE6D5A62EAF709D00D38241 /* TermsPrivacyViews.swift */; };
		0CE6D5A92EAFC11100D38241 /* RootContainerView.swift in Sources */ = {isa = PBXBuildFile; fileRef = 0CE6D5A82EAFC10F00D38241 /* RootContainerView.swift */; };
		0CE6D5AB2EAFC11C00D38241 /* SplashView.swift in Sources */ = {isa = PBXBuildFile; fileRef = 0CE6D5AA2EAFC11B00D38241 /* SplashView.swift */; };
		0CE6D5AD2EAFC3E500D38241 /* SplashSumusView.swift in Sources */ = {isa = PBXBuildFile; fileRef = 0CE6D5AC2EAFC3E400D38241 /* SplashSumusView.swift */; };
		0CE6D5B12EAFD25A00D38241 /* correct.wav in Resources */ = {isa = PBXBuildFile; fileRef = 0CE6D5AE2EAFD25A00D38241 /* correct.wav */; };
		0CE6D5B22EAFD25B00D38241 /* tap.wav in Resources */ = {isa = PBXBuildFile; fileRef = 0CE6D5AF2EAFD25A00D38241 /* tap.wav */; };
		0CE6D5B32EAFD25B00D38241 /* wrong.wav in Resources */ = {isa = PBXBuildFile; fileRef = 0CE6D5B02EAFD25A00D38241 /* wrong.wav */; };
		0CE6D5B52EAFD48C00D38241 /* SoundManager.swift in Sources */ = {isa = PBXBuildFile; fileRef = 0CE6D5B42EAFD48A00D38241 /* SoundManager.swift */; };
		0CE6D5B72EAFE7E200D38241 /* BookmarkListView.swift in Sources */ = {isa = PBXBuildFile; fileRef = 0CE6D5B62EAFE7E000D38241 /* BookmarkListView.swift */; };
		0CE6D5B92EB0DDD200D38241 /* BookmarkObject.swift in Sources */ = {isa = PBXBuildFile; fileRef = 0CE6D5B82EB0DD9E00D38241 /* BookmarkObject.swift */; };
		0CE6D5BB2EB0F8C300D38241 /* RealmManager.swift in Sources */ = {isa = PBXBuildFile; fileRef = 0CE6D5BA2EB0F8C100D38241 /* RealmManager.swift */; };
		0CE6D5BD2EB25B3200D38241 /* ReviewView.swift in Sources */ = {isa = PBXBuildFile; fileRef = 0CE6D5BC2EB25B0E00D38241 /* ReviewView.swift */; };
		0CE6D5BF2EB25B8400D38241 /* DataResetView.swift in Sources */ = {isa = PBXBuildFile; fileRef = 0CE6D5BE2EB25B8200D38241 /* DataResetView.swift */; };
		0CE6D5C12EB2658300D38241 /* QuestionStatus+Display.swift in Sources */ = {isa = PBXBuildFile; fileRef = 0CE6D5C02EB2658100D38241 /* QuestionStatus+Display.swift */; };
		0CE6D5C32EB3A5C900D38241 /* QuizIdentifierParser.swift in Sources */ = {isa = PBXBuildFile; fileRef = 0CE6D5C22EB3A5B400D38241 /* QuizIdentifierParser.swift */; };
		0CE6D5C52EB3A5E500D38241 /* CorrectAnswerView.swift in Sources */ = {isa = PBXBuildFile; fileRef = 0CE6D5C42EB3A5E400D38241 /* CorrectAnswerView.swift */; };
		0CF00B642EA91BF300B8A6D0 /* QuestionProgress.swift in Sources */ = {isa = PBXBuildFile; fileRef = 0CF00B632EA91BEC00B8A6D0 /* QuestionProgress.swift */; };
		0CF00B662EA91D2700B8A6D0 /* ChapterProgressViewModel.swift in Sources */ = {isa = PBXBuildFile; fileRef = 0CF00B652EA91D1400B8A6D0 /* ChapterProgressViewModel.swift */; };
		0CF00B682EA91D5800B8A6D0 /* HomeProgressViewModel.swift in Sources */ = {isa = PBXBuildFile; fileRef = 0CF00B672EA91D5700B8A6D0 /* HomeProgressViewModel.swift */; };
		0CF00B6B2EA91FA900B8A6D0 /* CircularProgressView.swift in Sources */ = {isa = PBXBuildFile; fileRef = 0CF00B6A2EA91F9B00B8A6D0 /* CircularProgressView.swift */; };
		0CF00B6E2EA924FD00B8A6D0 /* CreatePageView.swift in Sources */ = {isa = PBXBuildFile; fileRef = 0CF00B6D2EA924FB00B8A6D0 /* CreatePageView.swift */; };
		0CF00B702EA92B1700B8A6D0 /* ProgressBadgeView.swift in Sources */ = {isa = PBXBuildFile; fileRef = 0CF00B6F2EA92B1600B8A6D0 /* ProgressBadgeView.swift */; };
		0CF00B722EAA830A00B8A6D0 /* AnswerHistoryViewModel.swift in Sources */ = {isa = PBXBuildFile; fileRef = 0CF00B712EAA830700B8A6D0 /* AnswerHistoryViewModel.swift */; };
		0CF00B742EAA83B100B8A6D0 /* AnswerHistoryView.swift in Sources */ = {isa = PBXBuildFile; fileRef = 0CF00B732EAA83AF00B8A6D0 /* AnswerHistoryView.swift */; };
		2B63F89F4CE1CD0E16123851 /* Pods_ai_passport_app.framework in Frameworks */ = {isa = PBXBuildFile; fileRef = B6D8C50DB3A51823B125E337 /* Pods_ai_passport_app.framework */; };
		42A1F52C68FCFD4E23C1AD3B /* Pods_ai_passport_appTests.framework in Frameworks */ = {isa = PBXBuildFile; fileRef = CD4D1B17350B13D73E50E963 /* Pods_ai_passport_appTests.framework */; };
		D4D414550206AE8AFFD822D8 /* Pods_ai_passport_app_ai_passport_appUITests.framework in Frameworks */ = {isa = PBXBuildFile; fileRef = 8B7A668C0E0F2C0A2AD7E56D /* Pods_ai_passport_app_ai_passport_appUITests.framework */; };
/* End PBXBuildFile section */

/* Begin PBXContainerItemProxy section */
		0C30DDAC2DFF117200F25D02 /* PBXContainerItemProxy */ = {
			isa = PBXContainerItemProxy;
			containerPortal = 0C30DD8E2DFF116F00F25D02 /* Project object */;
			proxyType = 1;
			remoteGlobalIDString = 0C30DD952DFF116F00F25D02;
			remoteInfo = "ai-passport-app";
		};
		0C30DDB62DFF117300F25D02 /* PBXContainerItemProxy */ = {
			isa = PBXContainerItemProxy;
			containerPortal = 0C30DD8E2DFF116F00F25D02 /* Project object */;
			proxyType = 1;
			remoteGlobalIDString = 0C30DD952DFF116F00F25D02;
			remoteInfo = "ai-passport-app";
		};
/* End PBXContainerItemProxy section */

/* Begin PBXFileReference section */
		0C30DD962DFF116F00F25D02 /* ai-passport-app.app */ = {isa = PBXFileReference; explicitFileType = wrapper.application; includeInIndex = 0; path = "ai-passport-app.app"; sourceTree = BUILT_PRODUCTS_DIR; };
		0C30DD992DFF116F00F25D02 /* ai_passport_appApp.swift */ = {isa = PBXFileReference; lastKnownFileType = sourcecode.swift; path = ai_passport_appApp.swift; sourceTree = "<group>"; };
		0C30DD9B2DFF116F00F25D02 /* ContentView.swift */ = {isa = PBXFileReference; lastKnownFileType = sourcecode.swift; path = ContentView.swift; sourceTree = "<group>"; };
		0C30DD9D2DFF117200F25D02 /* Assets.xcassets */ = {isa = PBXFileReference; lastKnownFileType = folder.assetcatalog; path = Assets.xcassets; sourceTree = "<group>"; };
		0C30DDA02DFF117200F25D02 /* Preview Assets.xcassets */ = {isa = PBXFileReference; lastKnownFileType = folder.assetcatalog; path = "Preview Assets.xcassets"; sourceTree = "<group>"; };
		0C30DDA52DFF117200F25D02 /* ai_passport_app.xcdatamodel */ = {isa = PBXFileReference; lastKnownFileType = wrapper.xcdatamodel; path = ai_passport_app.xcdatamodel; sourceTree = "<group>"; };
		0C30DDAB2DFF117200F25D02 /* ai-passport-appTests.xctest */ = {isa = PBXFileReference; explicitFileType = wrapper.cfbundle; includeInIndex = 0; path = "ai-passport-appTests.xctest"; sourceTree = BUILT_PRODUCTS_DIR; };
		0C30DDAF2DFF117200F25D02 /* ai_passport_appTests.swift */ = {isa = PBXFileReference; lastKnownFileType = sourcecode.swift; path = ai_passport_appTests.swift; sourceTree = "<group>"; };
		0C30DDB52DFF117300F25D02 /* ai-passport-appUITests.xctest */ = {isa = PBXFileReference; explicitFileType = wrapper.cfbundle; includeInIndex = 0; path = "ai-passport-appUITests.xctest"; sourceTree = BUILT_PRODUCTS_DIR; };
		0C30DDB92DFF117300F25D02 /* ai_passport_appUITests.swift */ = {isa = PBXFileReference; lastKnownFileType = sourcecode.swift; path = ai_passport_appUITests.swift; sourceTree = "<group>"; };
		0C30DDBB2DFF117300F25D02 /* ai_passport_appUITestsLaunchTests.swift */ = {isa = PBXFileReference; lastKnownFileType = sourcecode.swift; path = ai_passport_appUITestsLaunchTests.swift; sourceTree = "<group>"; };
		0C30DDD42DFF16FE00F25D02 /* AppFrameView.swift */ = {isa = PBXFileReference; lastKnownFileType = sourcecode.swift; path = AppFrameView.swift; sourceTree = "<group>"; };
		0C30DDD62DFF183F00F25D02 /* NavigationRouter.swift */ = {isa = PBXFileReference; lastKnownFileType = sourcecode.swift; path = NavigationRouter.swift; sourceTree = "<group>"; };
		0C30DDD82DFF185400F25D02 /* MainRouterView.swift */ = {isa = PBXFileReference; lastKnownFileType = sourcecode.swift; path = MainRouterView.swift; sourceTree = "<group>"; };
		0C30DDDA2DFF1A7F00F25D02 /* UnitListView.swift */ = {isa = PBXFileReference; lastKnownFileType = sourcecode.swift; path = UnitListView.swift; sourceTree = "<group>"; };
		0C30DDDC2DFF1A8B00F25D02 /* ChapterListView.swift */ = {isa = PBXFileReference; lastKnownFileType = sourcecode.swift; path = ChapterListView.swift; sourceTree = "<group>"; };
		0C30DDDE2DFF1A9600F25D02 /* QuestionView.swift */ = {isa = PBXFileReference; lastKnownFileType = sourcecode.swift; path = QuestionView.swift; sourceTree = "<group>"; };
		0C30DDE02DFF1AA000F25D02 /* ExplanationView.swift */ = {isa = PBXFileReference; lastKnownFileType = sourcecode.swift; path = ExplanationView.swift; sourceTree = "<group>"; };
		0C30DDE22DFF1AAA00F25D02 /* ResultView.swift */ = {isa = PBXFileReference; lastKnownFileType = sourcecode.swift; path = ResultView.swift; sourceTree = "<group>"; };
		0C30DDE42DFF1AB400F25D02 /* HeaderView.swift */ = {isa = PBXFileReference; lastKnownFileType = sourcecode.swift; path = HeaderView.swift; sourceTree = "<group>"; };
		0C30DDE62DFF1AC000F25D02 /* AnswerAreaView.swift */ = {isa = PBXFileReference; lastKnownFileType = sourcecode.swift; path = AnswerAreaView.swift; sourceTree = "<group>"; };
		0C30DDE82DFF1AC900F25D02 /* BottomTabBarView.swift */ = {isa = PBXFileReference; lastKnownFileType = sourcecode.swift; path = BottomTabBarView.swift; sourceTree = "<group>"; };
		0C30DDEA2DFF1B7A00F25D02 /* UnitListViewModel.swift */ = {isa = PBXFileReference; lastKnownFileType = sourcecode.swift; path = UnitListViewModel.swift; sourceTree = "<group>"; };
		0C30DDEC2DFF1B8400F25D02 /* ChapterListViewModel.swift */ = {isa = PBXFileReference; lastKnownFileType = sourcecode.swift; path = ChapterListViewModel.swift; sourceTree = "<group>"; };
		0C30DDEE2DFF1B8E00F25D02 /* QuizViewModel.swift */ = {isa = PBXFileReference; lastKnownFileType = sourcecode.swift; path = QuizViewModel.swift; sourceTree = "<group>"; };
		0C30DDF02DFF1C1D00F25D02 /* NetworkManager.swift */ = {isa = PBXFileReference; lastKnownFileType = sourcecode.swift; path = NetworkManager.swift; sourceTree = "<group>"; };
		0C30DDF42DFF1C7100F25D02 /* AnswerHistoryRepository.swift */ = {isa = PBXFileReference; lastKnownFileType = sourcecode.swift; path = AnswerHistoryRepository.swift; sourceTree = "<group>"; };
		0C30DDF62DFF1CD800F25D02 /* Quiz.swift */ = {isa = PBXFileReference; lastKnownFileType = sourcecode.swift; path = Quiz.swift; sourceTree = "<group>"; };
		0C30DDF82DFF1CE300F25D02 /* QuizMetadata.swift */ = {isa = PBXFileReference; lastKnownFileType = sourcecode.swift; path = QuizMetadata.swift; sourceTree = "<group>"; };
		0C30DDFA2DFF1CEF00F25D02 /* ChapterMetadata.swift */ = {isa = PBXFileReference; lastKnownFileType = sourcecode.swift; path = ChapterMetadata.swift; sourceTree = "<group>"; };
		0C30DDFC2DFF1CFB00F25D02 /* SelectedAnswer.swift */ = {isa = PBXFileReference; lastKnownFileType = sourcecode.swift; path = SelectedAnswer.swift; sourceTree = "<group>"; };
		0C30DDFE2DFF1E9A00F25D02 /* PersistenceController.swift */ = {isa = PBXFileReference; lastKnownFileType = sourcecode.swift; path = PersistenceController.swift; sourceTree = "<group>"; };
		0C31AD7A2EA2184A007500F7 /* MainViewState.swift */ = {isa = PBXFileReference; fileEncoding = 4; lastKnownFileType = sourcecode.swift; path = MainViewState.swift; sourceTree = "<group>"; };
		0C31AD7C2EA21882007500F7 /* Color+Theme.swift */ = {isa = PBXFileReference; fileEncoding = 4; lastKnownFileType = sourcecode.swift; path = "Color+Theme.swift"; sourceTree = "<group>"; };
		0C31AD7D2EA21882007500F7 /* HomeView.swift */ = {isa = PBXFileReference; fileEncoding = 4; lastKnownFileType = sourcecode.swift; path = HomeView.swift; sourceTree = "<group>"; };
		0C31AD802EA21897007500F7 /* HomeViewModel.swift */ = {isa = PBXFileReference; fileEncoding = 4; lastKnownFileType = sourcecode.swift; path = HomeViewModel.swift; sourceTree = "<group>"; };
		0C31AD822EA51B97007500F7 /* LegacyAnswerHistoryMigrator.swift */ = {isa = PBXFileReference; lastKnownFileType = sourcecode.swift; path = LegacyAnswerHistoryMigrator.swift; sourceTree = "<group>"; };
		0C395F942EBF9606007AF119 /* IncorrectAnswerChapterViewModel.swift */ = {isa = PBXFileReference; lastKnownFileType = sourcecode.swift; path = IncorrectAnswerChapterViewModel.swift; sourceTree = "<group>"; };
		0C395F962EBF9626007AF119 /* IncorrectAnswerChapterView.swift */ = {isa = PBXFileReference; lastKnownFileType = sourcecode.swift; path = IncorrectAnswerChapterView.swift; sourceTree = "<group>"; };
		0C395F982EBF963E007AF119 /* IncorrectAnswerPlayView.swift */ = {isa = PBXFileReference; lastKnownFileType = sourcecode.swift; path = IncorrectAnswerPlayView.swift; sourceTree = "<group>"; };
		0C395F9A2EBF9665007AF119 /* IncorrectAnswerQuestionListView.swift */ = {isa = PBXFileReference; lastKnownFileType = sourcecode.swift; path = IncorrectAnswerQuestionListView.swift; sourceTree = "<group>"; };
		0C395F9C2EBF9692007AF119 /* IncorrectAnswerView.swift */ = {isa = PBXFileReference; lastKnownFileType = sourcecode.swift; path = IncorrectAnswerView.swift; sourceTree = "<group>"; };
		0C395FA02EBF9B27007AF119 /* IncorrectAnswerPlayViewModel.swift */ = {isa = PBXFileReference; lastKnownFileType = sourcecode.swift; path = IncorrectAnswerPlayViewModel.swift; sourceTree = "<group>"; };
		0C395FA22EBF9FA9007AF119 /* BookmarkPlayViewModel.swift */ = {isa = PBXFileReference; lastKnownFileType = sourcecode.swift; path = BookmarkPlayViewModel.swift; sourceTree = "<group>"; };
		0C395FA42EBF9FC6007AF119 /* BookmarkChapterView.swift */ = {isa = PBXFileReference; lastKnownFileType = sourcecode.swift; path = BookmarkChapterView.swift; sourceTree = "<group>"; };
		0C395FA62EBF9FDE007AF119 /* BookmarkPlayView.swift */ = {isa = PBXFileReference; lastKnownFileType = sourcecode.swift; path = BookmarkPlayView.swift; sourceTree = "<group>"; };
		0C395FA72EBFA00E007AF119 /* BookmarkUnitView.swift */ = {isa = PBXFileReference; lastKnownFileType = sourcecode.swift; path = BookmarkUnitView.swift; sourceTree = "<group>"; };
		0C87869D2EA6725F0052D2A8 /* QuestionProgressObject.swift */ = {isa = PBXFileReference; lastKnownFileType = sourcecode.swift; path = QuestionProgressObject.swift; sourceTree = "<group>"; };
		0C8786A02EA672D90052D2A8 /* RealmAnswerHistoryRepository.swift */ = {isa = PBXFileReference; lastKnownFileType = sourcecode.swift; path = RealmAnswerHistoryRepository.swift; sourceTree = "<group>"; };
		0CC249AA2EBA3F3B0054EE3F /* ReviewUnitListViewModel.swift */ = {isa = PBXFileReference; lastKnownFileType = sourcecode.swift; path = ReviewUnitListViewModel.swift; sourceTree = "<group>"; };
		0CC249AC2EBA3F5D0054EE3F /* ReviewQuestionListView.swift */ = {isa = PBXFileReference; lastKnownFileType = sourcecode.swift; path = ReviewQuestionListView.swift; sourceTree = "<group>"; };
		0CC249AE2EBA3F730054EE3F /* ReviewUnitListView.swift */ = {isa = PBXFileReference; lastKnownFileType = sourcecode.swift; path = ReviewUnitListView.swift; sourceTree = "<group>"; };
		0CC249AF2EBB89A90054EE3F /* CorrectAnswerChapterViewModel.swift */ = {isa = PBXFileReference; lastKnownFileType = sourcecode.swift; path = CorrectAnswerChapterViewModel.swift; sourceTree = "<group>"; };
		0CC249B12EBB89C10054EE3F /* CorrectAnswerChapterView.swift */ = {isa = PBXFileReference; lastKnownFileType = sourcecode.swift; path = CorrectAnswerChapterView.swift; sourceTree = "<group>"; };
		0CC249B32EBB89DD0054EE3F /* CorrectAnswerQuestionListView.swift */ = {isa = PBXFileReference; lastKnownFileType = sourcecode.swift; path = CorrectAnswerQuestionListView.swift; sourceTree = "<group>"; };
		0CC249B52EBB99470054EE3F /* CorrectAnswerPlayViewModel.swift */ = {isa = PBXFileReference; lastKnownFileType = sourcecode.swift; path = CorrectAnswerPlayViewModel.swift; sourceTree = "<group>"; };
		0CC249B72EBB99A90054EE3F /* CorrectAnswerPlayView.swift */ = {isa = PBXFileReference; lastKnownFileType = sourcecode.swift; path = CorrectAnswerPlayView.swift; sourceTree = "<group>"; };
		0CC249B92EBB9B9A0054EE3F /* ChapterCardView.swift */ = {isa = PBXFileReference; lastKnownFileType = sourcecode.swift; path = ChapterCardView.swift; sourceTree = "<group>"; };
		0CCB459F2E89853900C41D03 /* Constants.swift */ = {isa = PBXFileReference; lastKnownFileType = sourcecode.swift; path = Constants.swift; sourceTree = "<group>"; };
		0CCB45A12E8994E800C41D03 /* QuizList.swift */ = {isa = PBXFileReference; lastKnownFileType = sourcecode.swift; path = QuizList.swift; sourceTree = "<group>"; };
		0CCB45A32E89951900C41D03 /* CapterList.swift */ = {isa = PBXFileReference; lastKnownFileType = sourcecode.swift; path = CapterList.swift; sourceTree = "<group>"; };
		0CE6D5982EAE0C0F00D38241 /* ProgressManager.swift */ = {isa = PBXFileReference; lastKnownFileType = sourcecode.swift; path = ProgressManager.swift; sourceTree = "<group>"; };
		0CE6D59A2EAE866D00D38241 /* ContentStateView.swift */ = {isa = PBXFileReference; lastKnownFileType = sourcecode.swift; path = ContentStateView.swift; sourceTree = "<group>"; };
		0CE6D59C2EAE9C5400D38241 /* ExplanationRoute.swift */ = {isa = PBXFileReference; lastKnownFileType = sourcecode.swift; path = ExplanationRoute.swift; sourceTree = "<group>"; };
		0CE6D59E2EAF613300D38241 /* QuizQuestionCatalog.swift */ = {isa = PBXFileReference; lastKnownFileType = sourcecode.swift; path = QuizQuestionCatalog.swift; sourceTree = "<group>"; };
		0CE6D5A02EAF675C00D38241 /* AppSettings.swift */ = {isa = PBXFileReference; lastKnownFileType = sourcecode.swift; path = AppSettings.swift; sourceTree = "<group>"; };
		0CE6D5A22EAF67CF00D38241 /* AccountView.swift */ = {isa = PBXFileReference; lastKnownFileType = sourcecode.swift; path = AccountView.swift; sourceTree = "<group>"; };
		0CE6D5A42EAF682100D38241 /* SettingsViews.swift */ = {isa = PBXFileReference; lastKnownFileType = sourcecode.swift; path = SettingsViews.swift; sourceTree = "<group>"; };
		0CE6D5A62EAF709D00D38241 /* TermsPrivacyViews.swift */ = {isa = PBXFileReference; lastKnownFileType = sourcecode.swift; path = TermsPrivacyViews.swift; sourceTree = "<group>"; };
		0CE6D5A82EAFC10F00D38241 /* RootContainerView.swift */ = {isa = PBXFileReference; lastKnownFileType = sourcecode.swift; path = RootContainerView.swift; sourceTree = "<group>"; };
		0CE6D5AA2EAFC11B00D38241 /* SplashView.swift */ = {isa = PBXFileReference; lastKnownFileType = sourcecode.swift; path = SplashView.swift; sourceTree = "<group>"; };
		0CE6D5AC2EAFC3E400D38241 /* SplashSumusView.swift */ = {isa = PBXFileReference; lastKnownFileType = sourcecode.swift; path = SplashSumusView.swift; sourceTree = "<group>"; };
		0CE6D5AE2EAFD25A00D38241 /* correct.wav */ = {isa = PBXFileReference; lastKnownFileType = audio.wav; path = correct.wav; sourceTree = "<group>"; };
		0CE6D5AF2EAFD25A00D38241 /* tap.wav */ = {isa = PBXFileReference; lastKnownFileType = audio.wav; path = tap.wav; sourceTree = "<group>"; };
		0CE6D5B02EAFD25A00D38241 /* wrong.wav */ = {isa = PBXFileReference; lastKnownFileType = audio.wav; path = wrong.wav; sourceTree = "<group>"; };
		0CE6D5B42EAFD48A00D38241 /* SoundManager.swift */ = {isa = PBXFileReference; lastKnownFileType = sourcecode.swift; path = SoundManager.swift; sourceTree = "<group>"; };
		0CE6D5B62EAFE7E000D38241 /* BookmarkListView.swift */ = {isa = PBXFileReference; lastKnownFileType = sourcecode.swift; path = BookmarkListView.swift; sourceTree = "<group>"; };
		0CE6D5B82EB0DD9E00D38241 /* BookmarkObject.swift */ = {isa = PBXFileReference; lastKnownFileType = sourcecode.swift; path = BookmarkObject.swift; sourceTree = "<group>"; };
		0CE6D5BA2EB0F8C100D38241 /* RealmManager.swift */ = {isa = PBXFileReference; lastKnownFileType = sourcecode.swift; path = RealmManager.swift; sourceTree = "<group>"; };
		0CE6D5BC2EB25B0E00D38241 /* ReviewView.swift */ = {isa = PBXFileReference; lastKnownFileType = sourcecode.swift; path = ReviewView.swift; sourceTree = "<group>"; };
		0CE6D5BE2EB25B8200D38241 /* DataResetView.swift */ = {isa = PBXFileReference; lastKnownFileType = sourcecode.swift; path = DataResetView.swift; sourceTree = "<group>"; };
		0CE6D5C02EB2658100D38241 /* QuestionStatus+Display.swift */ = {isa = PBXFileReference; lastKnownFileType = sourcecode.swift; path = "QuestionStatus+Display.swift"; sourceTree = "<group>"; };
		0CE6D5C22EB3A5B400D38241 /* QuizIdentifierParser.swift */ = {isa = PBXFileReference; lastKnownFileType = sourcecode.swift; path = QuizIdentifierParser.swift; sourceTree = "<group>"; };
		0CE6D5C42EB3A5E400D38241 /* CorrectAnswerView.swift */ = {isa = PBXFileReference; lastKnownFileType = sourcecode.swift; path = CorrectAnswerView.swift; sourceTree = "<group>"; };
		0CF00B632EA91BEC00B8A6D0 /* QuestionProgress.swift */ = {isa = PBXFileReference; lastKnownFileType = sourcecode.swift; path = QuestionProgress.swift; sourceTree = "<group>"; };
		0CF00B652EA91D1400B8A6D0 /* ChapterProgressViewModel.swift */ = {isa = PBXFileReference; lastKnownFileType = sourcecode.swift; path = ChapterProgressViewModel.swift; sourceTree = "<group>"; };
		0CF00B672EA91D5700B8A6D0 /* HomeProgressViewModel.swift */ = {isa = PBXFileReference; lastKnownFileType = sourcecode.swift; path = HomeProgressViewModel.swift; sourceTree = "<group>"; };
		0CF00B6A2EA91F9B00B8A6D0 /* CircularProgressView.swift */ = {isa = PBXFileReference; lastKnownFileType = sourcecode.swift; path = CircularProgressView.swift; sourceTree = "<group>"; };
		0CF00B6D2EA924FB00B8A6D0 /* CreatePageView.swift */ = {isa = PBXFileReference; lastKnownFileType = sourcecode.swift; path = CreatePageView.swift; sourceTree = "<group>"; };
		0CF00B6F2EA92B1600B8A6D0 /* ProgressBadgeView.swift */ = {isa = PBXFileReference; lastKnownFileType = sourcecode.swift; path = ProgressBadgeView.swift; sourceTree = "<group>"; };
		0CF00B712EAA830700B8A6D0 /* AnswerHistoryViewModel.swift */ = {isa = PBXFileReference; lastKnownFileType = sourcecode.swift; path = AnswerHistoryViewModel.swift; sourceTree = "<group>"; };
		0CF00B732EAA83AF00B8A6D0 /* AnswerHistoryView.swift */ = {isa = PBXFileReference; lastKnownFileType = sourcecode.swift; path = AnswerHistoryView.swift; sourceTree = "<group>"; };
		132FB8E45FA8448778A70AEB /* Pods-ai-passport-app.release.xcconfig */ = {isa = PBXFileReference; includeInIndex = 1; lastKnownFileType = text.xcconfig; name = "Pods-ai-passport-app.release.xcconfig"; path = "Target Support Files/Pods-ai-passport-app/Pods-ai-passport-app.release.xcconfig"; sourceTree = "<group>"; };
		1DF2ED86DEEC2D2F21257F72 /* Pods-ai-passport-app.debug.xcconfig */ = {isa = PBXFileReference; includeInIndex = 1; lastKnownFileType = text.xcconfig; name = "Pods-ai-passport-app.debug.xcconfig"; path = "Target Support Files/Pods-ai-passport-app/Pods-ai-passport-app.debug.xcconfig"; sourceTree = "<group>"; };
		336BE6D1C0A308AF4E7A9E15 /* Pods-ai-passport-app-ai-passport-appUITests.release.xcconfig */ = {isa = PBXFileReference; includeInIndex = 1; lastKnownFileType = text.xcconfig; name = "Pods-ai-passport-app-ai-passport-appUITests.release.xcconfig"; path = "Target Support Files/Pods-ai-passport-app-ai-passport-appUITests/Pods-ai-passport-app-ai-passport-appUITests.release.xcconfig"; sourceTree = "<group>"; };
		7F8273B1F996AF32F4992DBA /* Pods-ai-passport-appTests.debug.xcconfig */ = {isa = PBXFileReference; includeInIndex = 1; lastKnownFileType = text.xcconfig; name = "Pods-ai-passport-appTests.debug.xcconfig"; path = "Target Support Files/Pods-ai-passport-appTests/Pods-ai-passport-appTests.debug.xcconfig"; sourceTree = "<group>"; };
		84A9496E4896FB90AB023593 /* Pods-ai-passport-app-ai-passport-appUITests.debug.xcconfig */ = {isa = PBXFileReference; includeInIndex = 1; lastKnownFileType = text.xcconfig; name = "Pods-ai-passport-app-ai-passport-appUITests.debug.xcconfig"; path = "Target Support Files/Pods-ai-passport-app-ai-passport-appUITests/Pods-ai-passport-app-ai-passport-appUITests.debug.xcconfig"; sourceTree = "<group>"; };
		8B7A668C0E0F2C0A2AD7E56D /* Pods_ai_passport_app_ai_passport_appUITests.framework */ = {isa = PBXFileReference; explicitFileType = wrapper.framework; includeInIndex = 0; path = Pods_ai_passport_app_ai_passport_appUITests.framework; sourceTree = BUILT_PRODUCTS_DIR; };
		B6D8C50DB3A51823B125E337 /* Pods_ai_passport_app.framework */ = {isa = PBXFileReference; explicitFileType = wrapper.framework; includeInIndex = 0; path = Pods_ai_passport_app.framework; sourceTree = BUILT_PRODUCTS_DIR; };
		CD4D1B17350B13D73E50E963 /* Pods_ai_passport_appTests.framework */ = {isa = PBXFileReference; explicitFileType = wrapper.framework; includeInIndex = 0; path = Pods_ai_passport_appTests.framework; sourceTree = BUILT_PRODUCTS_DIR; };
		E4B787EA25C061AD998509ED /* Pods-ai-passport-appTests.release.xcconfig */ = {isa = PBXFileReference; includeInIndex = 1; lastKnownFileType = text.xcconfig; name = "Pods-ai-passport-appTests.release.xcconfig"; path = "Target Support Files/Pods-ai-passport-appTests/Pods-ai-passport-appTests.release.xcconfig"; sourceTree = "<group>"; };
/* End PBXFileReference section */

/* Begin PBXFrameworksBuildPhase section */
		0C30DD932DFF116F00F25D02 /* Frameworks */ = {
			isa = PBXFrameworksBuildPhase;
			buildActionMask = 2147483647;
			files = (
				2B63F89F4CE1CD0E16123851 /* Pods_ai_passport_app.framework in Frameworks */,
			);
			runOnlyForDeploymentPostprocessing = 0;
		};
		0C30DDA82DFF117200F25D02 /* Frameworks */ = {
			isa = PBXFrameworksBuildPhase;
			buildActionMask = 2147483647;
			files = (
				42A1F52C68FCFD4E23C1AD3B /* Pods_ai_passport_appTests.framework in Frameworks */,
			);
			runOnlyForDeploymentPostprocessing = 0;
		};
		0C30DDB22DFF117300F25D02 /* Frameworks */ = {
			isa = PBXFrameworksBuildPhase;
			buildActionMask = 2147483647;
			files = (
				D4D414550206AE8AFFD822D8 /* Pods_ai_passport_app_ai_passport_appUITests.framework in Frameworks */,
			);
			runOnlyForDeploymentPostprocessing = 0;
		};
/* End PBXFrameworksBuildPhase section */

/* Begin PBXGroup section */
		0C30DD8D2DFF116F00F25D02 = {
			isa = PBXGroup;
			children = (
				0C30DDA42DFF117200F25D02 /* ai_passport_app.xcdatamodeld */,
				0C30DD982DFF116F00F25D02 /* ai-passport-app */,
				0C30DDAE2DFF117200F25D02 /* ai-passport-appTests */,
				0C30DDB82DFF117300F25D02 /* ai-passport-appUITests */,
				0C30DD972DFF116F00F25D02 /* Products */,
				B11A5685E32A1A5120F45777 /* Pods */,
				8C1E3FE58FAF2F8C2D1A6328 /* Frameworks */,
			);
			sourceTree = "<group>";
		};
		0C30DD972DFF116F00F25D02 /* Products */ = {
			isa = PBXGroup;
			children = (
				0C30DD962DFF116F00F25D02 /* ai-passport-app.app */,
				0C30DDAB2DFF117200F25D02 /* ai-passport-appTests.xctest */,
				0C30DDB52DFF117300F25D02 /* ai-passport-appUITests.xctest */,
			);
			name = Products;
			sourceTree = "<group>";
		};
		0C30DD982DFF116F00F25D02 /* ai-passport-app */ = {
			isa = PBXGroup;
			children = (
				0CCB459E2E89851D00C41D03 /* Services */,
				0C30DDD32DFF145300F25D02 /* Resources */,
				0C30DDD22DFF144500F25D02 /* Framework */,
				0C30DDCF2DFF141A00F25D02 /* Navigation */,
				0C30DDCE2DFF140C00F25D02 /* Views */,
				0C30DDCD2DFF13FD00F25D02 /* ViewModels */,
				0C30DDCB2DFF13E800F25D02 /* Core */,
				0C30DDCA2DFF13D100F25D02 /* Repositories */,
				0C30DDC82DFF13A200F25D02 /* Models */,
				0C30DDC92DFF13B800F25D02 /* CoreDataModels */,
				0C30DD9D2DFF117200F25D02 /* Assets.xcassets */,
				0C30DD9F2DFF117200F25D02 /* Preview Content */,
			);
			path = "ai-passport-app";
			sourceTree = "<group>";
		};
		0C30DD9F2DFF117200F25D02 /* Preview Content */ = {
			isa = PBXGroup;
			children = (
				0C30DDA02DFF117200F25D02 /* Preview Assets.xcassets */,
			);
			path = "Preview Content";
			sourceTree = "<group>";
		};
		0C30DDAE2DFF117200F25D02 /* ai-passport-appTests */ = {
			isa = PBXGroup;
			children = (
				0C30DDAF2DFF117200F25D02 /* ai_passport_appTests.swift */,
			);
			path = "ai-passport-appTests";
			sourceTree = "<group>";
		};
		0C30DDB82DFF117300F25D02 /* ai-passport-appUITests */ = {
			isa = PBXGroup;
			children = (
				0C30DDB92DFF117300F25D02 /* ai_passport_appUITests.swift */,
				0C30DDBB2DFF117300F25D02 /* ai_passport_appUITestsLaunchTests.swift */,
			);
			path = "ai-passport-appUITests";
			sourceTree = "<group>";
		};
		0C30DDC82DFF13A200F25D02 /* Models */ = {
			isa = PBXGroup;
			children = (
				0CE6D5C02EB2658100D38241 /* QuestionStatus+Display.swift */,
				0CF00B632EA91BEC00B8A6D0 /* QuestionProgress.swift */,
				0C87869F2EA672720052D2A8 /* Persistance */,
				0C30DDF62DFF1CD800F25D02 /* Quiz.swift */,
				0C30DDF82DFF1CE300F25D02 /* QuizMetadata.swift */,
				0C30DDFA2DFF1CEF00F25D02 /* ChapterMetadata.swift */,
				0C30DDFC2DFF1CFB00F25D02 /* SelectedAnswer.swift */,
				0CCB45A12E8994E800C41D03 /* QuizList.swift */,
				0CCB45A32E89951900C41D03 /* CapterList.swift */,
			);
			path = Models;
			sourceTree = "<group>";
		};
		0C30DDC92DFF13B800F25D02 /* CoreDataModels */ = {
			isa = PBXGroup;
			children = (
			);
			path = CoreDataModels;
			sourceTree = "<group>";
		};
		0C30DDCA2DFF13D100F25D02 /* Repositories */ = {
			isa = PBXGroup;
			children = (
				0C30DDF42DFF1C7100F25D02 /* AnswerHistoryRepository.swift */,
				0C8786A02EA672D90052D2A8 /* RealmAnswerHistoryRepository.swift */,
			);
			path = Repositories;
			sourceTree = "<group>";
		};
		0C30DDCB2DFF13E800F25D02 /* Core */ = {
			isa = PBXGroup;
			children = (
				0CE6D5C22EB3A5B400D38241 /* QuizIdentifierParser.swift */,
				0CE6D5BA2EB0F8C100D38241 /* RealmManager.swift */,
				0CE6D5A02EAF675C00D38241 /* AppSettings.swift */,
				0CE6D5982EAE0C0F00D38241 /* ProgressManager.swift */,
				0C30DDFE2DFF1E9A00F25D02 /* PersistenceController.swift */,
				0C31AD822EA51B97007500F7 /* LegacyAnswerHistoryMigrator.swift */,
			);
			path = Core;
			sourceTree = "<group>";
		};
		0C30DDCD2DFF13FD00F25D02 /* ViewModels */ = {
			isa = PBXGroup;
			children = (
				0C395FA22EBF9FA9007AF119 /* BookmarkPlayViewModel.swift */,
				0C395FA02EBF9B27007AF119 /* IncorrectAnswerPlayViewModel.swift */,
				0C395F942EBF9606007AF119 /* IncorrectAnswerChapterViewModel.swift */,
				0CC249B52EBB99470054EE3F /* CorrectAnswerPlayViewModel.swift */,
				0CC249AF2EBB89A90054EE3F /* CorrectAnswerChapterViewModel.swift */,
				0CC249AA2EBA3F3B0054EE3F /* ReviewUnitListViewModel.swift */,
				0CF00B712EAA830700B8A6D0 /* AnswerHistoryViewModel.swift */,
				0CF00B672EA91D5700B8A6D0 /* HomeProgressViewModel.swift */,
				0CF00B652EA91D1400B8A6D0 /* ChapterProgressViewModel.swift */,
				0C31AD802EA21897007500F7 /* HomeViewModel.swift */,
				0C30DDEA2DFF1B7A00F25D02 /* UnitListViewModel.swift */,
				0C30DDEC2DFF1B8400F25D02 /* ChapterListViewModel.swift */,
				0C30DDEE2DFF1B8E00F25D02 /* QuizViewModel.swift */,
			);
			path = ViewModels;
			sourceTree = "<group>";
		};
		0C30DDCE2DFF140C00F25D02 /* Views */ = {
			isa = PBXGroup;
			children = (
				0C395FA72EBFA00E007AF119 /* BookmarkUnitView.swift */,
				0C395FA62EBF9FDE007AF119 /* BookmarkPlayView.swift */,
				0C395FA42EBF9FC6007AF119 /* BookmarkChapterView.swift */,
				0C395F9C2EBF9692007AF119 /* IncorrectAnswerView.swift */,
				0C395F9A2EBF9665007AF119 /* IncorrectAnswerQuestionListView.swift */,
				0C395F982EBF963E007AF119 /* IncorrectAnswerPlayView.swift */,
				0C395F962EBF9626007AF119 /* IncorrectAnswerChapterView.swift */,
				0CC249B72EBB99A90054EE3F /* CorrectAnswerPlayView.swift */,
				0CC249B32EBB89DD0054EE3F /* CorrectAnswerQuestionListView.swift */,
				0CC249B12EBB89C10054EE3F /* CorrectAnswerChapterView.swift */,
				0CC249AE2EBA3F730054EE3F /* ReviewUnitListView.swift */,
				0CC249AC2EBA3F5D0054EE3F /* ReviewQuestionListView.swift */,
				0CE6D5C42EB3A5E400D38241 /* CorrectAnswerView.swift */,
				0CE6D5BE2EB25B8200D38241 /* DataResetView.swift */,
				0CE6D5BC2EB25B0E00D38241 /* ReviewView.swift */,
				0CE6D5B62EAFE7E000D38241 /* BookmarkListView.swift */,
				0CE6D5A62EAF709D00D38241 /* TermsPrivacyViews.swift */,
				0CE6D5A42EAF682100D38241 /* SettingsViews.swift */,
				0CE6D5A22EAF67CF00D38241 /* AccountView.swift */,
				0CF00B732EAA83AF00B8A6D0 /* AnswerHistoryView.swift */,
				0CF00B6C2EA924C500B8A6D0 /* Create */,
				0CF00B692EA91F8900B8A6D0 /* Components */,
				0C31AD7C2EA21882007500F7 /* Color+Theme.swift */,
				0C31AD7D2EA21882007500F7 /* HomeView.swift */,
				0C30DD9B2DFF116F00F25D02 /* ContentView.swift */,
				0C30DDDA2DFF1A7F00F25D02 /* UnitListView.swift */,
				0C30DDDC2DFF1A8B00F25D02 /* ChapterListView.swift */,
				0C30DDDE2DFF1A9600F25D02 /* QuestionView.swift */,
				0C30DDE02DFF1AA000F25D02 /* ExplanationView.swift */,
				0C30DDE22DFF1AAA00F25D02 /* ResultView.swift */,
				0C30DDE42DFF1AB400F25D02 /* HeaderView.swift */,
				0C30DDE62DFF1AC000F25D02 /* AnswerAreaView.swift */,
				0C30DDE82DFF1AC900F25D02 /* BottomTabBarView.swift */,
			);
			path = Views;
			sourceTree = "<group>";
		};
		0C30DDCF2DFF141A00F25D02 /* Navigation */ = {
			isa = PBXGroup;
			children = (
				0CE6D59C2EAE9C5400D38241 /* ExplanationRoute.swift */,
				0CE6D59A2EAE866D00D38241 /* ContentStateView.swift */,
				0C31AD7A2EA2184A007500F7 /* MainViewState.swift */,
				0C30DDD62DFF183F00F25D02 /* NavigationRouter.swift */,
				0C30DDD82DFF185400F25D02 /* MainRouterView.swift */,
			);
			path = Navigation;
			sourceTree = "<group>";
		};
		0C30DDD22DFF144500F25D02 /* Framework */ = {
			isa = PBXGroup;
			children = (
				0CE6D5AC2EAFC3E400D38241 /* SplashSumusView.swift */,
				0CE6D5AA2EAFC11B00D38241 /* SplashView.swift */,
				0CE6D5A82EAFC10F00D38241 /* RootContainerView.swift */,
				0C30DD992DFF116F00F25D02 /* ai_passport_appApp.swift */,
				0C30DDD42DFF16FE00F25D02 /* AppFrameView.swift */,
			);
			path = Framework;
			sourceTree = "<group>";
		};
		0C30DDD32DFF145300F25D02 /* Resources */ = {
			isa = PBXGroup;
			children = (
				0CE6D5AE2EAFD25A00D38241 /* correct.wav */,
				0CE6D5AF2EAFD25A00D38241 /* tap.wav */,
				0CE6D5B02EAFD25A00D38241 /* wrong.wav */,
			);
			path = Resources;
			sourceTree = "<group>";
		};
		0C87869F2EA672720052D2A8 /* Persistance */ = {
			isa = PBXGroup;
			children = (
				0CE6D5B82EB0DD9E00D38241 /* BookmarkObject.swift */,
				0C87869D2EA6725F0052D2A8 /* QuestionProgressObject.swift */,
			);
			path = Persistance;
			sourceTree = "<group>";
		};
		0CCB459E2E89851D00C41D03 /* Services */ = {
			isa = PBXGroup;
			children = (
				0CE6D5B42EAFD48A00D38241 /* SoundManager.swift */,
				0CE6D59E2EAF613300D38241 /* QuizQuestionCatalog.swift */,
				0C30DDF02DFF1C1D00F25D02 /* NetworkManager.swift */,
				0CCB459F2E89853900C41D03 /* Constants.swift */,
			);
			path = Services;
			sourceTree = "<group>";
		};
		0CF00B692EA91F8900B8A6D0 /* Components */ = {
			isa = PBXGroup;
			children = (
				0CC249B92EBB9B9A0054EE3F /* ChapterCardView.swift */,
				0CF00B6F2EA92B1600B8A6D0 /* ProgressBadgeView.swift */,
				0CF00B6A2EA91F9B00B8A6D0 /* CircularProgressView.swift */,
			);
			path = Components;
			sourceTree = "<group>";
		};
		0CF00B6C2EA924C500B8A6D0 /* Create */ = {
			isa = PBXGroup;
			children = (
				0CF00B6D2EA924FB00B8A6D0 /* CreatePageView.swift */,
			);
			path = Create;
			sourceTree = "<group>";
		};
		8C1E3FE58FAF2F8C2D1A6328 /* Frameworks */ = {
			isa = PBXGroup;
			children = (
				B6D8C50DB3A51823B125E337 /* Pods_ai_passport_app.framework */,
				8B7A668C0E0F2C0A2AD7E56D /* Pods_ai_passport_app_ai_passport_appUITests.framework */,
				CD4D1B17350B13D73E50E963 /* Pods_ai_passport_appTests.framework */,
			);
			name = Frameworks;
			sourceTree = "<group>";
		};
		B11A5685E32A1A5120F45777 /* Pods */ = {
			isa = PBXGroup;
			children = (
				1DF2ED86DEEC2D2F21257F72 /* Pods-ai-passport-app.debug.xcconfig */,
				132FB8E45FA8448778A70AEB /* Pods-ai-passport-app.release.xcconfig */,
				84A9496E4896FB90AB023593 /* Pods-ai-passport-app-ai-passport-appUITests.debug.xcconfig */,
				336BE6D1C0A308AF4E7A9E15 /* Pods-ai-passport-app-ai-passport-appUITests.release.xcconfig */,
				7F8273B1F996AF32F4992DBA /* Pods-ai-passport-appTests.debug.xcconfig */,
				E4B787EA25C061AD998509ED /* Pods-ai-passport-appTests.release.xcconfig */,
			);
			path = Pods;
			sourceTree = "<group>";
		};
/* End PBXGroup section */

/* Begin PBXNativeTarget section */
		0C30DD952DFF116F00F25D02 /* ai-passport-app */ = {
			isa = PBXNativeTarget;
			buildConfigurationList = 0C30DDBF2DFF117300F25D02 /* Build configuration list for PBXNativeTarget "ai-passport-app" */;
			buildPhases = (
				9205A4B190C4C5341C2766EA /* [CP] Check Pods Manifest.lock */,
				0C30DD922DFF116F00F25D02 /* Sources */,
				0C30DD932DFF116F00F25D02 /* Frameworks */,
				0C30DD942DFF116F00F25D02 /* Resources */,
				72349E85C331260E468397C6 /* [CP] Embed Pods Frameworks */,
			);
			buildRules = (
			);
			dependencies = (
			);
			name = "ai-passport-app";
			productName = "ai-passport-app";
			productReference = 0C30DD962DFF116F00F25D02 /* ai-passport-app.app */;
			productType = "com.apple.product-type.application";
		};
		0C30DDAA2DFF117200F25D02 /* ai-passport-appTests */ = {
			isa = PBXNativeTarget;
			buildConfigurationList = 0C30DDC22DFF117300F25D02 /* Build configuration list for PBXNativeTarget "ai-passport-appTests" */;
			buildPhases = (
				E27E8104379DB4E0BC315D81 /* [CP] Check Pods Manifest.lock */,
				0C30DDA72DFF117200F25D02 /* Sources */,
				0C30DDA82DFF117200F25D02 /* Frameworks */,
				0C30DDA92DFF117200F25D02 /* Resources */,
			);
			buildRules = (
			);
			dependencies = (
				0C30DDAD2DFF117200F25D02 /* PBXTargetDependency */,
			);
			name = "ai-passport-appTests";
			productName = "ai-passport-appTests";
			productReference = 0C30DDAB2DFF117200F25D02 /* ai-passport-appTests.xctest */;
			productType = "com.apple.product-type.bundle.unit-test";
		};
		0C30DDB42DFF117300F25D02 /* ai-passport-appUITests */ = {
			isa = PBXNativeTarget;
			buildConfigurationList = 0C30DDC52DFF117300F25D02 /* Build configuration list for PBXNativeTarget "ai-passport-appUITests" */;
			buildPhases = (
				C5E7CB8B2588A066BDF0AF99 /* [CP] Check Pods Manifest.lock */,
				0C30DDB12DFF117300F25D02 /* Sources */,
				0C30DDB22DFF117300F25D02 /* Frameworks */,
				0C30DDB32DFF117300F25D02 /* Resources */,
				337BC97B5B60693AAB4A61A4 /* [CP] Embed Pods Frameworks */,
			);
			buildRules = (
			);
			dependencies = (
				0C30DDB72DFF117300F25D02 /* PBXTargetDependency */,
			);
			name = "ai-passport-appUITests";
			productName = "ai-passport-appUITests";
			productReference = 0C30DDB52DFF117300F25D02 /* ai-passport-appUITests.xctest */;
			productType = "com.apple.product-type.bundle.ui-testing";
		};
/* End PBXNativeTarget section */

/* Begin PBXProject section */
		0C30DD8E2DFF116F00F25D02 /* Project object */ = {
			isa = PBXProject;
			attributes = {
				BuildIndependentTargetsInParallel = 1;
				LastSwiftUpdateCheck = 1520;
				LastUpgradeCheck = 1520;
				TargetAttributes = {
					0C30DD952DFF116F00F25D02 = {
						CreatedOnToolsVersion = 15.2;
					};
					0C30DDAA2DFF117200F25D02 = {
						CreatedOnToolsVersion = 15.2;
						TestTargetID = 0C30DD952DFF116F00F25D02;
					};
					0C30DDB42DFF117300F25D02 = {
						CreatedOnToolsVersion = 15.2;
						TestTargetID = 0C30DD952DFF116F00F25D02;
					};
				};
			};
			buildConfigurationList = 0C30DD912DFF116F00F25D02 /* Build configuration list for PBXProject "ai-passport-app" */;
			compatibilityVersion = "Xcode 14.0";
			developmentRegion = en;
			hasScannedForEncodings = 0;
			knownRegions = (
				en,
				Base,
			);
			mainGroup = 0C30DD8D2DFF116F00F25D02;
			productRefGroup = 0C30DD972DFF116F00F25D02 /* Products */;
			projectDirPath = "";
			projectRoot = "";
			targets = (
				0C30DD952DFF116F00F25D02 /* ai-passport-app */,
				0C30DDAA2DFF117200F25D02 /* ai-passport-appTests */,
				0C30DDB42DFF117300F25D02 /* ai-passport-appUITests */,
			);
		};
/* End PBXProject section */

/* Begin PBXResourcesBuildPhase section */
		0C30DD942DFF116F00F25D02 /* Resources */ = {
			isa = PBXResourcesBuildPhase;
			buildActionMask = 2147483647;
			files = (
				0CE6D5B12EAFD25A00D38241 /* correct.wav in Resources */,
				0CE6D5B22EAFD25B00D38241 /* tap.wav in Resources */,
				0CE6D5B32EAFD25B00D38241 /* wrong.wav in Resources */,
				0C30DDA12DFF117200F25D02 /* Preview Assets.xcassets in Resources */,
				0C30DD9E2DFF117200F25D02 /* Assets.xcassets in Resources */,
			);
			runOnlyForDeploymentPostprocessing = 0;
		};
		0C30DDA92DFF117200F25D02 /* Resources */ = {
			isa = PBXResourcesBuildPhase;
			buildActionMask = 2147483647;
			files = (
			);
			runOnlyForDeploymentPostprocessing = 0;
		};
		0C30DDB32DFF117300F25D02 /* Resources */ = {
			isa = PBXResourcesBuildPhase;
			buildActionMask = 2147483647;
			files = (
			);
			runOnlyForDeploymentPostprocessing = 0;
		};
/* End PBXResourcesBuildPhase section */

/* Begin PBXShellScriptBuildPhase section */
		337BC97B5B60693AAB4A61A4 /* [CP] Embed Pods Frameworks */ = {
			isa = PBXShellScriptBuildPhase;
			buildActionMask = 2147483647;
			files = (
			);
			inputFileListPaths = (
				"${PODS_ROOT}/Target Support Files/Pods-ai-passport-app-ai-passport-appUITests/Pods-ai-passport-app-ai-passport-appUITests-frameworks-${CONFIGURATION}-input-files.xcfilelist",
			);
			inputPaths = (
			);
			name = "[CP] Embed Pods Frameworks";
			outputFileListPaths = (
				"${PODS_ROOT}/Target Support Files/Pods-ai-passport-app-ai-passport-appUITests/Pods-ai-passport-app-ai-passport-appUITests-frameworks-${CONFIGURATION}-output-files.xcfilelist",
			);
			outputPaths = (
			);
			runOnlyForDeploymentPostprocessing = 0;
			shellPath = /bin/sh;
			shellScript = "\"${PODS_ROOT}/Target Support Files/Pods-ai-passport-app-ai-passport-appUITests/Pods-ai-passport-app-ai-passport-appUITests-frameworks.sh\"\n";
			showEnvVarsInLog = 0;
		};
		72349E85C331260E468397C6 /* [CP] Embed Pods Frameworks */ = {
			isa = PBXShellScriptBuildPhase;
			buildActionMask = 2147483647;
			files = (
			);
			inputFileListPaths = (
				"${PODS_ROOT}/Target Support Files/Pods-ai-passport-app/Pods-ai-passport-app-frameworks-${CONFIGURATION}-input-files.xcfilelist",
			);
			inputPaths = (
			);
			name = "[CP] Embed Pods Frameworks";
			outputFileListPaths = (
				"${PODS_ROOT}/Target Support Files/Pods-ai-passport-app/Pods-ai-passport-app-frameworks-${CONFIGURATION}-output-files.xcfilelist",
			);
			outputPaths = (
			);
			runOnlyForDeploymentPostprocessing = 0;
			shellPath = /bin/sh;
			shellScript = "\"${PODS_ROOT}/Target Support Files/Pods-ai-passport-app/Pods-ai-passport-app-frameworks.sh\"\n";
			showEnvVarsInLog = 0;
		};
		9205A4B190C4C5341C2766EA /* [CP] Check Pods Manifest.lock */ = {
			isa = PBXShellScriptBuildPhase;
			buildActionMask = 2147483647;
			files = (
			);
			inputFileListPaths = (
			);
			inputPaths = (
				"${PODS_PODFILE_DIR_PATH}/Podfile.lock",
				"${PODS_ROOT}/Manifest.lock",
			);
			name = "[CP] Check Pods Manifest.lock";
			outputFileListPaths = (
			);
			outputPaths = (
				"$(DERIVED_FILE_DIR)/Pods-ai-passport-app-checkManifestLockResult.txt",
			);
			runOnlyForDeploymentPostprocessing = 0;
			shellPath = /bin/sh;
			shellScript = "diff \"${PODS_PODFILE_DIR_PATH}/Podfile.lock\" \"${PODS_ROOT}/Manifest.lock\" > /dev/null\nif [ $? != 0 ] ; then\n    # print error to STDERR\n    echo \"error: The sandbox is not in sync with the Podfile.lock. Run 'pod install' or update your CocoaPods installation.\" >&2\n    exit 1\nfi\n# This output is used by Xcode 'outputs' to avoid re-running this script phase.\necho \"SUCCESS\" > \"${SCRIPT_OUTPUT_FILE_0}\"\n";
			showEnvVarsInLog = 0;
		};
		C5E7CB8B2588A066BDF0AF99 /* [CP] Check Pods Manifest.lock */ = {
			isa = PBXShellScriptBuildPhase;
			buildActionMask = 2147483647;
			files = (
			);
			inputFileListPaths = (
			);
			inputPaths = (
				"${PODS_PODFILE_DIR_PATH}/Podfile.lock",
				"${PODS_ROOT}/Manifest.lock",
			);
			name = "[CP] Check Pods Manifest.lock";
			outputFileListPaths = (
			);
			outputPaths = (
				"$(DERIVED_FILE_DIR)/Pods-ai-passport-app-ai-passport-appUITests-checkManifestLockResult.txt",
			);
			runOnlyForDeploymentPostprocessing = 0;
			shellPath = /bin/sh;
			shellScript = "diff \"${PODS_PODFILE_DIR_PATH}/Podfile.lock\" \"${PODS_ROOT}/Manifest.lock\" > /dev/null\nif [ $? != 0 ] ; then\n    # print error to STDERR\n    echo \"error: The sandbox is not in sync with the Podfile.lock. Run 'pod install' or update your CocoaPods installation.\" >&2\n    exit 1\nfi\n# This output is used by Xcode 'outputs' to avoid re-running this script phase.\necho \"SUCCESS\" > \"${SCRIPT_OUTPUT_FILE_0}\"\n";
			showEnvVarsInLog = 0;
		};
		E27E8104379DB4E0BC315D81 /* [CP] Check Pods Manifest.lock */ = {
			isa = PBXShellScriptBuildPhase;
			buildActionMask = 2147483647;
			files = (
			);
			inputFileListPaths = (
			);
			inputPaths = (
				"${PODS_PODFILE_DIR_PATH}/Podfile.lock",
				"${PODS_ROOT}/Manifest.lock",
			);
			name = "[CP] Check Pods Manifest.lock";
			outputFileListPaths = (
			);
			outputPaths = (
				"$(DERIVED_FILE_DIR)/Pods-ai-passport-appTests-checkManifestLockResult.txt",
			);
			runOnlyForDeploymentPostprocessing = 0;
			shellPath = /bin/sh;
			shellScript = "diff \"${PODS_PODFILE_DIR_PATH}/Podfile.lock\" \"${PODS_ROOT}/Manifest.lock\" > /dev/null\nif [ $? != 0 ] ; then\n    # print error to STDERR\n    echo \"error: The sandbox is not in sync with the Podfile.lock. Run 'pod install' or update your CocoaPods installation.\" >&2\n    exit 1\nfi\n# This output is used by Xcode 'outputs' to avoid re-running this script phase.\necho \"SUCCESS\" > \"${SCRIPT_OUTPUT_FILE_0}\"\n";
			showEnvVarsInLog = 0;
		};
/* End PBXShellScriptBuildPhase section */

/* Begin PBXSourcesBuildPhase section */
		0C30DD922DFF116F00F25D02 /* Sources */ = {
			isa = PBXSourcesBuildPhase;
			buildActionMask = 2147483647;
			files = (
				0CCB45A02E89853900C41D03 /* Constants.swift in Sources */,
				0CE6D5A72EAF709F00D38241 /* TermsPrivacyViews.swift in Sources */,
				0C30DDF12DFF1C1D00F25D02 /* NetworkManager.swift in Sources */,
				0CE6D59D2EAE9C5500D38241 /* ExplanationRoute.swift in Sources */,
				0CF00B6B2EA91FA900B8A6D0 /* CircularProgressView.swift in Sources */,
				0C30DDDF2DFF1A9600F25D02 /* QuestionView.swift in Sources */,
				0CE6D5C32EB3A5C900D38241 /* QuizIdentifierParser.swift in Sources */,
				0C31AD7F2EA21882007500F7 /* HomeView.swift in Sources */,
				0C30DDED2DFF1B8400F25D02 /* ChapterListViewModel.swift in Sources */,
				0CC249AB2EBA3F3D0054EE3F /* ReviewUnitListViewModel.swift in Sources */,
				0CCB45A22E8994E800C41D03 /* QuizList.swift in Sources */,
				0C30DDDD2DFF1A8B00F25D02 /* ChapterListView.swift in Sources */,
				0C395F972EBF9628007AF119 /* IncorrectAnswerChapterView.swift in Sources */,
				0C30DDEF2DFF1B8E00F25D02 /* QuizViewModel.swift in Sources */,
				0CE6D5BB2EB0F8C300D38241 /* RealmManager.swift in Sources */,
				0C31AD832EA51B97007500F7 /* LegacyAnswerHistoryMigrator.swift in Sources */,
				0C395FA12EBF9B28007AF119 /* IncorrectAnswerPlayViewModel.swift in Sources */,
				0CE6D5992EAE0C1900D38241 /* ProgressManager.swift in Sources */,
				0C30DDF92DFF1CE300F25D02 /* QuizMetadata.swift in Sources */,
				0CF00B682EA91D5800B8A6D0 /* HomeProgressViewModel.swift in Sources */,
				0C30DDE72DFF1AC000F25D02 /* AnswerAreaView.swift in Sources */,
				0C31AD7E2EA21882007500F7 /* Color+Theme.swift in Sources */,
				0CC249B82EBB99A90054EE3F /* CorrectAnswerPlayView.swift in Sources */,
				0CE6D5B52EAFD48C00D38241 /* SoundManager.swift in Sources */,
				0C30DDFB2DFF1CEF00F25D02 /* ChapterMetadata.swift in Sources */,
				0CC249B62EBB99480054EE3F /* CorrectAnswerPlayViewModel.swift in Sources */,
				0CF00B662EA91D2700B8A6D0 /* ChapterProgressViewModel.swift in Sources */,
				0C30DDA62DFF117200F25D02 /* ai_passport_app.xcdatamodeld in Sources */,
				0CC249BA2EBB9B9B0054EE3F /* ChapterCardView.swift in Sources */,
				0CF00B722EAA830A00B8A6D0 /* AnswerHistoryViewModel.swift in Sources */,
				0C395F952EBF9608007AF119 /* IncorrectAnswerChapterViewModel.swift in Sources */,
				0CE6D5AB2EAFC11C00D38241 /* SplashView.swift in Sources */,
				0C30DDD72DFF183F00F25D02 /* NavigationRouter.swift in Sources */,
				0CE6D5AD2EAFC3E500D38241 /* SplashSumusView.swift in Sources */,
				0CE6D5BD2EB25B3200D38241 /* ReviewView.swift in Sources */,
				0C30DDE32DFF1AAA00F25D02 /* ResultView.swift in Sources */,
				0CF00B642EA91BF300B8A6D0 /* QuestionProgress.swift in Sources */,
				0C8786A12EA672D90052D2A8 /* RealmAnswerHistoryRepository.swift in Sources */,
				0C395FA32EBF9FAB007AF119 /* BookmarkPlayViewModel.swift in Sources */,
				0CE6D5B92EB0DDD200D38241 /* BookmarkObject.swift in Sources */,
				0CC249B02EBB89AB0054EE3F /* CorrectAnswerChapterViewModel.swift in Sources */,
				0C30DDD52DFF16FE00F25D02 /* AppFrameView.swift in Sources */,
				0CC249B42EBB89DF0054EE3F /* CorrectAnswerQuestionListView.swift in Sources */,
				0CE6D5C12EB2658300D38241 /* QuestionStatus+Display.swift in Sources */,
				0C30DDDB2DFF1A7F00F25D02 /* UnitListView.swift in Sources */,
				0C87869E2EA6725F0052D2A8 /* QuestionProgressObject.swift in Sources */,
				0C395FA52EBF9FC8007AF119 /* BookmarkChapterView.swift in Sources */,
				0C395F9B2EBF9681007AF119 /* IncorrectAnswerQuestionListView.swift in Sources */,
				0CE6D5A52EAF682B00D38241 /* SettingsViews.swift in Sources */,
				0C31AD7B2EA2184A007500F7 /* MainViewState.swift in Sources */,
				0CCB45A42E89951900C41D03 /* CapterList.swift in Sources */,
				0C30DD9C2DFF116F00F25D02 /* ContentView.swift in Sources */,
				0C30DDFD2DFF1CFB00F25D02 /* SelectedAnswer.swift in Sources */,
				0CF00B6E2EA924FD00B8A6D0 /* CreatePageView.swift in Sources */,
				0C30DDEB2DFF1B7A00F25D02 /* UnitListViewModel.swift in Sources */,
				0CE6D59B2EAE867B00D38241 /* ContentStateView.swift in Sources */,
				0C30DD9A2DFF116F00F25D02 /* ai_passport_appApp.swift in Sources */,
				0CE6D5BF2EB25B8400D38241 /* DataResetView.swift in Sources */,
				0C30DDF52DFF1C7100F25D02 /* AnswerHistoryRepository.swift in Sources */,
				0CE6D5A32EAF67D100D38241 /* AccountView.swift in Sources */,
				0CE6D59F2EAF618E00D38241 /* QuizQuestionCatalog.swift in Sources */,
				0C395F9D2EBF9693007AF119 /* IncorrectAnswerView.swift in Sources */,
				0CF00B742EAA83B100B8A6D0 /* AnswerHistoryView.swift in Sources */,
				0C30DDE12DFF1AA000F25D02 /* ExplanationView.swift in Sources */,
				0C395F992EBF963F007AF119 /* IncorrectAnswerPlayView.swift in Sources */,
				0CE6D5A92EAFC11100D38241 /* RootContainerView.swift in Sources */,
				0CE6D5C52EB3A5E500D38241 /* CorrectAnswerView.swift in Sources */,
				0CE6D5B72EAFE7E200D38241 /* BookmarkListView.swift in Sources */,
				0C30DDE92DFF1AC900F25D02 /* BottomTabBarView.swift in Sources */,
				0CC249AD2EBA3F5F0054EE3F /* ReviewQuestionListView.swift in Sources */,
				0C30DDF72DFF1CD800F25D02 /* Quiz.swift in Sources */,
				0C30DDD92DFF185400F25D02 /* MainRouterView.swift in Sources */,
				0C30DDE52DFF1AB400F25D02 /* HeaderView.swift in Sources */,
				0CE6D5A12EAF675E00D38241 /* AppSettings.swift in Sources */,
				0CF00B702EA92B1700B8A6D0 /* ProgressBadgeView.swift in Sources */,
				0C31AD812EA21897007500F7 /* HomeViewModel.swift in Sources */,
				0C30DDFF2DFF1E9A00F25D02 /* PersistenceController.swift in Sources */,
				0C395FA82EBFA010007AF119 /* BookmarkUnitView.swift in Sources */,
				0CC249B22EBB89C10054EE3F /* CorrectAnswerChapterView.swift in Sources */,
			);
			runOnlyForDeploymentPostprocessing = 0;
		};
		0C30DDA72DFF117200F25D02 /* Sources */ = {
			isa = PBXSourcesBuildPhase;
			buildActionMask = 2147483647;
			files = (
				0C30DDB02DFF117200F25D02 /* ai_passport_appTests.swift in Sources */,
			);
			runOnlyForDeploymentPostprocessing = 0;
		};
		0C30DDB12DFF117300F25D02 /* Sources */ = {
			isa = PBXSourcesBuildPhase;
			buildActionMask = 2147483647;
			files = (
				0C30DDBC2DFF117300F25D02 /* ai_passport_appUITestsLaunchTests.swift in Sources */,
				0C30DDBA2DFF117300F25D02 /* ai_passport_appUITests.swift in Sources */,
			);
			runOnlyForDeploymentPostprocessing = 0;
		};
/* End PBXSourcesBuildPhase section */

/* Begin PBXTargetDependency section */
		0C30DDAD2DFF117200F25D02 /* PBXTargetDependency */ = {
			isa = PBXTargetDependency;
			target = 0C30DD952DFF116F00F25D02 /* ai-passport-app */;
			targetProxy = 0C30DDAC2DFF117200F25D02 /* PBXContainerItemProxy */;
		};
		0C30DDB72DFF117300F25D02 /* PBXTargetDependency */ = {
			isa = PBXTargetDependency;
			target = 0C30DD952DFF116F00F25D02 /* ai-passport-app */;
			targetProxy = 0C30DDB62DFF117300F25D02 /* PBXContainerItemProxy */;
		};
/* End PBXTargetDependency section */

/* Begin XCBuildConfiguration section */
		0C30DDBD2DFF117300F25D02 /* Debug */ = {
			isa = XCBuildConfiguration;
			buildSettings = {
				ALWAYS_SEARCH_USER_PATHS = NO;
				ASSETCATALOG_COMPILER_GENERATE_SWIFT_ASSET_SYMBOL_EXTENSIONS = YES;
				CLANG_ANALYZER_NONNULL = YES;
				CLANG_ANALYZER_NUMBER_OBJECT_CONVERSION = YES_AGGRESSIVE;
				CLANG_CXX_LANGUAGE_STANDARD = "gnu++20";
				CLANG_ENABLE_MODULES = YES;
				CLANG_ENABLE_OBJC_ARC = YES;
				CLANG_ENABLE_OBJC_WEAK = YES;
				CLANG_WARN_BLOCK_CAPTURE_AUTORELEASING = YES;
				CLANG_WARN_BOOL_CONVERSION = YES;
				CLANG_WARN_COMMA = YES;
				CLANG_WARN_CONSTANT_CONVERSION = YES;
				CLANG_WARN_DEPRECATED_OBJC_IMPLEMENTATIONS = YES;
				CLANG_WARN_DIRECT_OBJC_ISA_USAGE = YES_ERROR;
				CLANG_WARN_DOCUMENTATION_COMMENTS = YES;
				CLANG_WARN_EMPTY_BODY = YES;
				CLANG_WARN_ENUM_CONVERSION = YES;
				CLANG_WARN_INFINITE_RECURSION = YES;
				CLANG_WARN_INT_CONVERSION = YES;
				CLANG_WARN_NON_LITERAL_NULL_CONVERSION = YES;
				CLANG_WARN_OBJC_IMPLICIT_RETAIN_SELF = YES;
				CLANG_WARN_OBJC_LITERAL_CONVERSION = YES;
				CLANG_WARN_OBJC_ROOT_CLASS = YES_ERROR;
				CLANG_WARN_QUOTED_INCLUDE_IN_FRAMEWORK_HEADER = YES;
				CLANG_WARN_RANGE_LOOP_ANALYSIS = YES;
				CLANG_WARN_STRICT_PROTOTYPES = YES;
				CLANG_WARN_SUSPICIOUS_MOVE = YES;
				CLANG_WARN_UNGUARDED_AVAILABILITY = YES_AGGRESSIVE;
				CLANG_WARN_UNREACHABLE_CODE = YES;
				CLANG_WARN__DUPLICATE_METHOD_MATCH = YES;
				COPY_PHASE_STRIP = NO;
				DEBUG_INFORMATION_FORMAT = dwarf;
				ENABLE_STRICT_OBJC_MSGSEND = YES;
				ENABLE_TESTABILITY = YES;
				ENABLE_USER_SCRIPT_SANDBOXING = YES;
				GCC_C_LANGUAGE_STANDARD = gnu17;
				GCC_DYNAMIC_NO_PIC = NO;
				GCC_NO_COMMON_BLOCKS = YES;
				GCC_OPTIMIZATION_LEVEL = 0;
				GCC_PREPROCESSOR_DEFINITIONS = (
					"DEBUG=1",
					"$(inherited)",
				);
				GCC_WARN_64_TO_32_BIT_CONVERSION = YES;
				GCC_WARN_ABOUT_RETURN_TYPE = YES_ERROR;
				GCC_WARN_UNDECLARED_SELECTOR = YES;
				GCC_WARN_UNINITIALIZED_AUTOS = YES_AGGRESSIVE;
				GCC_WARN_UNUSED_FUNCTION = YES;
				GCC_WARN_UNUSED_VARIABLE = YES;
				IPHONEOS_DEPLOYMENT_TARGET = 17.2;
				LOCALIZATION_PREFERS_STRING_CATALOGS = YES;
				MTL_ENABLE_DEBUG_INFO = INCLUDE_SOURCE;
				MTL_FAST_MATH = YES;
				ONLY_ACTIVE_ARCH = YES;
				SDKROOT = iphoneos;
				SWIFT_ACTIVE_COMPILATION_CONDITIONS = "DEBUG $(inherited)";
				SWIFT_OPTIMIZATION_LEVEL = "-Onone";
			};
			name = Debug;
		};
		0C30DDBE2DFF117300F25D02 /* Release */ = {
			isa = XCBuildConfiguration;
			buildSettings = {
				ALWAYS_SEARCH_USER_PATHS = NO;
				ASSETCATALOG_COMPILER_GENERATE_SWIFT_ASSET_SYMBOL_EXTENSIONS = YES;
				CLANG_ANALYZER_NONNULL = YES;
				CLANG_ANALYZER_NUMBER_OBJECT_CONVERSION = YES_AGGRESSIVE;
				CLANG_CXX_LANGUAGE_STANDARD = "gnu++20";
				CLANG_ENABLE_MODULES = YES;
				CLANG_ENABLE_OBJC_ARC = YES;
				CLANG_ENABLE_OBJC_WEAK = YES;
				CLANG_WARN_BLOCK_CAPTURE_AUTORELEASING = YES;
				CLANG_WARN_BOOL_CONVERSION = YES;
				CLANG_WARN_COMMA = YES;
				CLANG_WARN_CONSTANT_CONVERSION = YES;
				CLANG_WARN_DEPRECATED_OBJC_IMPLEMENTATIONS = YES;
				CLANG_WARN_DIRECT_OBJC_ISA_USAGE = YES_ERROR;
				CLANG_WARN_DOCUMENTATION_COMMENTS = YES;
				CLANG_WARN_EMPTY_BODY = YES;
				CLANG_WARN_ENUM_CONVERSION = YES;
				CLANG_WARN_INFINITE_RECURSION = YES;
				CLANG_WARN_INT_CONVERSION = YES;
				CLANG_WARN_NON_LITERAL_NULL_CONVERSION = YES;
				CLANG_WARN_OBJC_IMPLICIT_RETAIN_SELF = YES;
				CLANG_WARN_OBJC_LITERAL_CONVERSION = YES;
				CLANG_WARN_OBJC_ROOT_CLASS = YES_ERROR;
				CLANG_WARN_QUOTED_INCLUDE_IN_FRAMEWORK_HEADER = YES;
				CLANG_WARN_RANGE_LOOP_ANALYSIS = YES;
				CLANG_WARN_STRICT_PROTOTYPES = YES;
				CLANG_WARN_SUSPICIOUS_MOVE = YES;
				CLANG_WARN_UNGUARDED_AVAILABILITY = YES_AGGRESSIVE;
				CLANG_WARN_UNREACHABLE_CODE = YES;
				CLANG_WARN__DUPLICATE_METHOD_MATCH = YES;
				COPY_PHASE_STRIP = NO;
				DEBUG_INFORMATION_FORMAT = "dwarf-with-dsym";
				ENABLE_NS_ASSERTIONS = NO;
				ENABLE_STRICT_OBJC_MSGSEND = YES;
				ENABLE_USER_SCRIPT_SANDBOXING = YES;
				GCC_C_LANGUAGE_STANDARD = gnu17;
				GCC_NO_COMMON_BLOCKS = YES;
				GCC_WARN_64_TO_32_BIT_CONVERSION = YES;
				GCC_WARN_ABOUT_RETURN_TYPE = YES_ERROR;
				GCC_WARN_UNDECLARED_SELECTOR = YES;
				GCC_WARN_UNINITIALIZED_AUTOS = YES_AGGRESSIVE;
				GCC_WARN_UNUSED_FUNCTION = YES;
				GCC_WARN_UNUSED_VARIABLE = YES;
				IPHONEOS_DEPLOYMENT_TARGET = 17.2;
				LOCALIZATION_PREFERS_STRING_CATALOGS = YES;
				MTL_ENABLE_DEBUG_INFO = NO;
				MTL_FAST_MATH = YES;
				SDKROOT = iphoneos;
				SWIFT_COMPILATION_MODE = wholemodule;
				VALIDATE_PRODUCT = YES;
			};
			name = Release;
		};
		0C30DDC02DFF117300F25D02 /* Debug */ = {
			isa = XCBuildConfiguration;
			baseConfigurationReference = 1DF2ED86DEEC2D2F21257F72 /* Pods-ai-passport-app.debug.xcconfig */;
			buildSettings = {
				ASSETCATALOG_COMPILER_APPICON_NAME = AppIcon;
				ASSETCATALOG_COMPILER_GLOBAL_ACCENT_COLOR_NAME = AccentColor;
				CODE_SIGN_STYLE = Automatic;
				CURRENT_PROJECT_VERSION = 1;
				DEVELOPMENT_ASSET_PATHS = "\"ai-passport-app/Preview Content\"";
				DEVELOPMENT_TEAM = QS83MP74XK;
				ENABLE_PREVIEWS = YES;
				ENABLE_USER_SCRIPT_SANDBOXING = NO;
				GENERATE_INFOPLIST_FILE = YES;
				INFOPLIST_KEY_UIApplicationSceneManifest_Generation = YES;
				INFOPLIST_KEY_UIApplicationSupportsIndirectInputEvents = YES;
				INFOPLIST_KEY_UILaunchScreen_Generation = YES;
				INFOPLIST_KEY_UISupportedInterfaceOrientations_iPad = "UIInterfaceOrientationPortrait UIInterfaceOrientationPortraitUpsideDown UIInterfaceOrientationLandscapeLeft UIInterfaceOrientationLandscapeRight";
				INFOPLIST_KEY_UISupportedInterfaceOrientations_iPhone = "UIInterfaceOrientationPortrait UIInterfaceOrientationLandscapeLeft UIInterfaceOrientationLandscapeRight";
				LD_RUNPATH_SEARCH_PATHS = (
					"$(inherited)",
					"@executable_path/Frameworks",
				);
				MARKETING_VERSION = 1.0;
				PRODUCT_BUNDLE_IDENTIFIER = "com.example.ai-passport-app";
				PRODUCT_NAME = "$(TARGET_NAME)";
				SWIFT_EMIT_LOC_STRINGS = YES;
				SWIFT_VERSION = 5.0;
				TARGETED_DEVICE_FAMILY = "1,2";
			};
			name = Debug;
		};
		0C30DDC12DFF117300F25D02 /* Release */ = {
			isa = XCBuildConfiguration;
			baseConfigurationReference = 132FB8E45FA8448778A70AEB /* Pods-ai-passport-app.release.xcconfig */;
			buildSettings = {
				ASSETCATALOG_COMPILER_APPICON_NAME = AppIcon;
				ASSETCATALOG_COMPILER_GLOBAL_ACCENT_COLOR_NAME = AccentColor;
				CODE_SIGN_STYLE = Automatic;
				CURRENT_PROJECT_VERSION = 1;
				DEVELOPMENT_ASSET_PATHS = "\"ai-passport-app/Preview Content\"";
				DEVELOPMENT_TEAM = QS83MP74XK;
				ENABLE_PREVIEWS = YES;
				ENABLE_USER_SCRIPT_SANDBOXING = NO;
				GENERATE_INFOPLIST_FILE = YES;
				INFOPLIST_KEY_UIApplicationSceneManifest_Generation = YES;
				INFOPLIST_KEY_UIApplicationSupportsIndirectInputEvents = YES;
				INFOPLIST_KEY_UILaunchScreen_Generation = YES;
				INFOPLIST_KEY_UISupportedInterfaceOrientations_iPad = "UIInterfaceOrientationPortrait UIInterfaceOrientationPortraitUpsideDown UIInterfaceOrientationLandscapeLeft UIInterfaceOrientationLandscapeRight";
				INFOPLIST_KEY_UISupportedInterfaceOrientations_iPhone = "UIInterfaceOrientationPortrait UIInterfaceOrientationLandscapeLeft UIInterfaceOrientationLandscapeRight";
				LD_RUNPATH_SEARCH_PATHS = (
					"$(inherited)",
					"@executable_path/Frameworks",
				);
				MARKETING_VERSION = 1.0;
				PRODUCT_BUNDLE_IDENTIFIER = "com.example.ai-passport-app";
				PRODUCT_NAME = "$(TARGET_NAME)";
				SWIFT_EMIT_LOC_STRINGS = YES;
				SWIFT_VERSION = 5.0;
				TARGETED_DEVICE_FAMILY = "1,2";
			};
			name = Release;
		};
		0C30DDC32DFF117300F25D02 /* Debug */ = {
			isa = XCBuildConfiguration;
			baseConfigurationReference = 7F8273B1F996AF32F4992DBA /* Pods-ai-passport-appTests.debug.xcconfig */;
			buildSettings = {
				ALWAYS_EMBED_SWIFT_STANDARD_LIBRARIES = YES;
				BUNDLE_LOADER = "$(TEST_HOST)";
				CODE_SIGN_STYLE = Automatic;
				CURRENT_PROJECT_VERSION = 1;
				DEVELOPMENT_TEAM = QS83MP74XK;
				GENERATE_INFOPLIST_FILE = YES;
				IPHONEOS_DEPLOYMENT_TARGET = 17.2;
				MARKETING_VERSION = 1.0;
				PRODUCT_BUNDLE_IDENTIFIER = "com.example.ai-passport-appTests";
				PRODUCT_NAME = "$(TARGET_NAME)";
				SWIFT_EMIT_LOC_STRINGS = NO;
				SWIFT_VERSION = 5.0;
				TARGETED_DEVICE_FAMILY = "1,2";
				TEST_HOST = "$(BUILT_PRODUCTS_DIR)/ai-passport-app.app/$(BUNDLE_EXECUTABLE_FOLDER_PATH)/ai-passport-app";
			};
			name = Debug;
		};
		0C30DDC42DFF117300F25D02 /* Release */ = {
			isa = XCBuildConfiguration;
			baseConfigurationReference = E4B787EA25C061AD998509ED /* Pods-ai-passport-appTests.release.xcconfig */;
			buildSettings = {
				ALWAYS_EMBED_SWIFT_STANDARD_LIBRARIES = YES;
				BUNDLE_LOADER = "$(TEST_HOST)";
				CODE_SIGN_STYLE = Automatic;
				CURRENT_PROJECT_VERSION = 1;
				DEVELOPMENT_TEAM = QS83MP74XK;
				GENERATE_INFOPLIST_FILE = YES;
				IPHONEOS_DEPLOYMENT_TARGET = 17.2;
				MARKETING_VERSION = 1.0;
				PRODUCT_BUNDLE_IDENTIFIER = "com.example.ai-passport-appTests";
				PRODUCT_NAME = "$(TARGET_NAME)";
				SWIFT_EMIT_LOC_STRINGS = NO;
				SWIFT_VERSION = 5.0;
				TARGETED_DEVICE_FAMILY = "1,2";
				TEST_HOST = "$(BUILT_PRODUCTS_DIR)/ai-passport-app.app/$(BUNDLE_EXECUTABLE_FOLDER_PATH)/ai-passport-app";
			};
			name = Release;
		};
		0C30DDC62DFF117300F25D02 /* Debug */ = {
			isa = XCBuildConfiguration;
			baseConfigurationReference = 84A9496E4896FB90AB023593 /* Pods-ai-passport-app-ai-passport-appUITests.debug.xcconfig */;
			buildSettings = {
				ALWAYS_EMBED_SWIFT_STANDARD_LIBRARIES = YES;
				CODE_SIGN_STYLE = Automatic;
				CURRENT_PROJECT_VERSION = 1;
				DEVELOPMENT_TEAM = QS83MP74XK;
				GENERATE_INFOPLIST_FILE = YES;
				MARKETING_VERSION = 1.0;
				PRODUCT_BUNDLE_IDENTIFIER = "com.example.ai-passport-appUITests";
				PRODUCT_NAME = "$(TARGET_NAME)";
				SWIFT_EMIT_LOC_STRINGS = NO;
				SWIFT_VERSION = 5.0;
				TARGETED_DEVICE_FAMILY = "1,2";
				TEST_TARGET_NAME = "ai-passport-app";
			};
			name = Debug;
		};
		0C30DDC72DFF117300F25D02 /* Release */ = {
			isa = XCBuildConfiguration;
			baseConfigurationReference = 336BE6D1C0A308AF4E7A9E15 /* Pods-ai-passport-app-ai-passport-appUITests.release.xcconfig */;
			buildSettings = {
				ALWAYS_EMBED_SWIFT_STANDARD_LIBRARIES = YES;
				CODE_SIGN_STYLE = Automatic;
				CURRENT_PROJECT_VERSION = 1;
				DEVELOPMENT_TEAM = QS83MP74XK;
				GENERATE_INFOPLIST_FILE = YES;
				MARKETING_VERSION = 1.0;
				PRODUCT_BUNDLE_IDENTIFIER = "com.example.ai-passport-appUITests";
				PRODUCT_NAME = "$(TARGET_NAME)";
				SWIFT_EMIT_LOC_STRINGS = NO;
				SWIFT_VERSION = 5.0;
				TARGETED_DEVICE_FAMILY = "1,2";
				TEST_TARGET_NAME = "ai-passport-app";
			};
			name = Release;
		};
/* End XCBuildConfiguration section */

/* Begin XCConfigurationList section */
		0C30DD912DFF116F00F25D02 /* Build configuration list for PBXProject "ai-passport-app" */ = {
			isa = XCConfigurationList;
			buildConfigurations = (
				0C30DDBD2DFF117300F25D02 /* Debug */,
				0C30DDBE2DFF117300F25D02 /* Release */,
			);
			defaultConfigurationIsVisible = 0;
			defaultConfigurationName = Release;
		};
		0C30DDBF2DFF117300F25D02 /* Build configuration list for PBXNativeTarget "ai-passport-app" */ = {
			isa = XCConfigurationList;
			buildConfigurations = (
				0C30DDC02DFF117300F25D02 /* Debug */,
				0C30DDC12DFF117300F25D02 /* Release */,
			);
			defaultConfigurationIsVisible = 0;
			defaultConfigurationName = Release;
		};
		0C30DDC22DFF117300F25D02 /* Build configuration list for PBXNativeTarget "ai-passport-appTests" */ = {
			isa = XCConfigurationList;
			buildConfigurations = (
				0C30DDC32DFF117300F25D02 /* Debug */,
				0C30DDC42DFF117300F25D02 /* Release */,
			);
			defaultConfigurationIsVisible = 0;
			defaultConfigurationName = Release;
		};
		0C30DDC52DFF117300F25D02 /* Build configuration list for PBXNativeTarget "ai-passport-appUITests" */ = {
			isa = XCConfigurationList;
			buildConfigurations = (
				0C30DDC62DFF117300F25D02 /* Debug */,
				0C30DDC72DFF117300F25D02 /* Release */,
			);
			defaultConfigurationIsVisible = 0;
			defaultConfigurationName = Release;
		};
/* End XCConfigurationList section */

/* Begin XCVersionGroup section */
		0C30DDA42DFF117200F25D02 /* ai_passport_app.xcdatamodeld */ = {
			isa = XCVersionGroup;
			children = (
				0C30DDA52DFF117200F25D02 /* ai_passport_app.xcdatamodel */,
			);
			currentVersion = 0C30DDA52DFF117200F25D02 /* ai_passport_app.xcdatamodel */;
			name = ai_passport_app.xcdatamodeld;
			path = "ai-passport-app/ai_passport_app.xcdatamodeld";
			sourceTree = "<group>";
			versionGroupType = wrapper.xcdatamodel;
		};
/* End XCVersionGroup section */
	};
	rootObject = 0C30DD8E2DFF116F00F25D02 /* Project object */;
}
